// !$*UTF8*$!
{
	archiveVersion = 1;
	classes = {
	};
	objectVersion = 46;
	objects = {

/* Begin PBXBuildFile section */
		22EC114D18EBBCF100B51A6E /* Foundation.framework in Frameworks */ = {isa = PBXBuildFile; fileRef = 22EC114C18EBBCF100B51A6E /* Foundation.framework */; };
		22EC114F18EBBCF100B51A6E /* CoreGraphics.framework in Frameworks */ = {isa = PBXBuildFile; fileRef = 22EC114E18EBBCF100B51A6E /* CoreGraphics.framework */; };
		22EC115118EBBCF100B51A6E /* UIKit.framework in Frameworks */ = {isa = PBXBuildFile; fileRef = 22EC115018EBBCF100B51A6E /* UIKit.framework */; };
		22EC115718EBBCF100B51A6E /* InfoPlist.strings in Resources */ = {isa = PBXBuildFile; fileRef = 22EC115518EBBCF100B51A6E /* InfoPlist.strings */; };
		22EC115918EBBCF100B51A6E /* main.m in Sources */ = {isa = PBXBuildFile; fileRef = 22EC115818EBBCF100B51A6E /* main.m */; };
		22EC115D18EBBCF100B51A6E /* STJMAppDelegate.m in Sources */ = {isa = PBXBuildFile; fileRef = 22EC115C18EBBCF100B51A6E /* STJMAppDelegate.m */; };
		22EC116018EBBCF100B51A6E /* Main.storyboard in Resources */ = {isa = PBXBuildFile; fileRef = 22EC115E18EBBCF100B51A6E /* Main.storyboard */; };
		22EC116318EBBCF100B51A6E /* STJMViewController.m in Sources */ = {isa = PBXBuildFile; fileRef = 22EC116218EBBCF100B51A6E /* STJMViewController.m */; };
		22EC116518EBBCF100B51A6E /* Images.xcassets in Resources */ = {isa = PBXBuildFile; fileRef = 22EC116418EBBCF100B51A6E /* Images.xcassets */; };
		22EC116C18EBBCF100B51A6E /* XCTest.framework in Frameworks */ = {isa = PBXBuildFile; fileRef = 22EC116B18EBBCF100B51A6E /* XCTest.framework */; };
		22EC116D18EBBCF100B51A6E /* Foundation.framework in Frameworks */ = {isa = PBXBuildFile; fileRef = 22EC114C18EBBCF100B51A6E /* Foundation.framework */; };
		22EC116E18EBBCF100B51A6E /* UIKit.framework in Frameworks */ = {isa = PBXBuildFile; fileRef = 22EC115018EBBCF100B51A6E /* UIKit.framework */; };
		22EC117618EBBCF100B51A6E /* InfoPlist.strings in Resources */ = {isa = PBXBuildFile; fileRef = 22EC117418EBBCF100B51A6E /* InfoPlist.strings */; };
		22EC117818EBBCF100B51A6E /* Simple_TableTests.m in Sources */ = {isa = PBXBuildFile; fileRef = 22EC117718EBBCF100B51A6E /* Simple_TableTests.m */; };
/* End PBXBuildFile section */

/* Begin PBXContainerItemProxy section */
		22EC116F18EBBCF100B51A6E /* PBXContainerItemProxy */ = {
			isa = PBXContainerItemProxy;
			containerPortal = 22EC114118EBBCF000B51A6E /* Project object */;
			proxyType = 1;
			remoteGlobalIDString = 22EC114818EBBCF000B51A6E;
			remoteInfo = "Simple Table";
		};
/* End PBXContainerItemProxy section */

/* Begin PBXFileReference section */
		22EC114918EBBCF000B51A6E /* Simple Table.app */ = {isa = PBXFileReference; explicitFileType = wrapper.application; includeInIndex = 0; path = "Simple Table.app"; sourceTree = BUILT_PRODUCTS_DIR; };
		22EC114C18EBBCF100B51A6E /* Foundation.framework */ = {isa = PBXFileReference; lastKnownFileType = wrapper.framework; name = Foundation.framework; path = System/Library/Frameworks/Foundation.framework; sourceTree = SDKROOT; };
		22EC114E18EBBCF100B51A6E /* CoreGraphics.framework */ = {isa = PBXFileReference; lastKnownFileType = wrapper.framework; name = CoreGraphics.framework; path = System/Library/Frameworks/CoreGraphics.framework; sourceTree = SDKROOT; };
		22EC115018EBBCF100B51A6E /* UIKit.framework */ = {isa = PBXFileReference; lastKnownFileType = wrapper.framework; name = UIKit.framework; path = System/Library/Frameworks/UIKit.framework; sourceTree = SDKROOT; };
		22EC115418EBBCF100B51A6E /* Simple Table-Info.plist */ = {isa = PBXFileReference; lastKnownFileType = text.plist.xml; path = "Simple Table-Info.plist"; sourceTree = "<group>"; };
		22EC115618EBBCF100B51A6E /* en */ = {isa = PBXFileReference; lastKnownFileType = text.plist.strings; name = en; path = en.lproj/InfoPlist.strings; sourceTree = "<group>"; };
		22EC115818EBBCF100B51A6E /* main.m */ = {isa = PBXFileReference; lastKnownFileType = sourcecode.c.objc; path = main.m; sourceTree = "<group>"; };
		22EC115A18EBBCF100B51A6E /* Simple Table-Prefix.pch */ = {isa = PBXFileReference; lastKnownFileType = sourcecode.c.h; path = "Simple Table-Prefix.pch"; sourceTree = "<group>"; };
		22EC115B18EBBCF100B51A6E /* STJMAppDelegate.h */ = {isa = PBXFileReference; lastKnownFileType = sourcecode.c.h; path = STJMAppDelegate.h; sourceTree = "<group>"; };
		22EC115C18EBBCF100B51A6E /* STJMAppDelegate.m */ = {isa = PBXFileReference; lastKnownFileType = sourcecode.c.objc; path = STJMAppDelegate.m; sourceTree = "<group>"; };
		22EC115F18EBBCF100B51A6E /* Base */ = {isa = PBXFileReference; lastKnownFileType = file.storyboard; name = Base; path = Base.lproj/Main.storyboard; sourceTree = "<group>"; };
		22EC116118EBBCF100B51A6E /* STJMViewController.h */ = {isa = PBXFileReference; lastKnownFileType = sourcecode.c.h; path = STJMViewController.h; sourceTree = "<group>"; };
		22EC116218EBBCF100B51A6E /* STJMViewController.m */ = {isa = PBXFileReference; lastKnownFileType = sourcecode.c.objc; path = STJMViewController.m; sourceTree = "<group>"; };
		22EC116418EBBCF100B51A6E /* Images.xcassets */ = {isa = PBXFileReference; lastKnownFileType = folder.assetcatalog; path = Images.xcassets; sourceTree = "<group>"; };
		22EC116A18EBBCF100B51A6E /* Simple TableTests.xctest */ = {isa = PBXFileReference; explicitFileType = wrapper.cfbundle; includeInIndex = 0; path = "Simple TableTests.xctest"; sourceTree = BUILT_PRODUCTS_DIR; };
		22EC116B18EBBCF100B51A6E /* XCTest.framework */ = {isa = PBXFileReference; lastKnownFileType = wrapper.framework; name = XCTest.framework; path = Library/Frameworks/XCTest.framework; sourceTree = DEVELOPER_DIR; };
		22EC117318EBBCF100B51A6E /* Simple TableTests-Info.plist */ = {isa = PBXFileReference; lastKnownFileType = text.plist.xml; path = "Simple TableTests-Info.plist"; sourceTree = "<group>"; };
		22EC117518EBBCF100B51A6E /* en */ = {isa = PBXFileReference; lastKnownFileType = text.plist.strings; name = en; path = en.lproj/InfoPlist.strings; sourceTree = "<group>"; };
		22EC117718EBBCF100B51A6E /* Simple_TableTests.m */ = {isa = PBXFileReference; lastKnownFileType = sourcecode.c.objc; path = Simple_TableTests.m; sourceTree = "<group>"; };
/* End PBXFileReference section */

/* Begin PBXFrameworksBuildPhase section */
		22EC114618EBBCF000B51A6E /* Frameworks */ = {
			isa = PBXFrameworksBuildPhase;
			buildActionMask = 2147483647;
			files = (
				22EC114F18EBBCF100B51A6E /* CoreGraphics.framework in Frameworks */,
				22EC115118EBBCF100B51A6E /* UIKit.framework in Frameworks */,
				22EC114D18EBBCF100B51A6E /* Foundation.framework in Frameworks */,
			);
			runOnlyForDeploymentPostprocessing = 0;
		};
		22EC116718EBBCF100B51A6E /* Frameworks */ = {
			isa = PBXFrameworksBuildPhase;
			buildActionMask = 2147483647;
			files = (
				22EC116C18EBBCF100B51A6E /* XCTest.framework in Frameworks */,
				22EC116E18EBBCF100B51A6E /* UIKit.framework in Frameworks */,
				22EC116D18EBBCF100B51A6E /* Foundation.framework in Frameworks */,
			);
			runOnlyForDeploymentPostprocessing = 0;
		};
/* End PBXFrameworksBuildPhase section */

/* Begin PBXGroup section */
		22EC114018EBBCF000B51A6E = {
			isa = PBXGroup;
			children = (
				22EC115218EBBCF100B51A6E /* Simple Table */,
				22EC117118EBBCF100B51A6E /* Simple TableTests */,
				22EC114B18EBBCF000B51A6E /* Frameworks */,
				22EC114A18EBBCF000B51A6E /* Products */,
			);
			sourceTree = "<group>";
		};
		22EC114A18EBBCF000B51A6E /* Products */ = {
			isa = PBXGroup;
			children = (
				22EC114918EBBCF000B51A6E /* Simple Table.app */,
				22EC116A18EBBCF100B51A6E /* Simple TableTests.xctest */,
			);
			name = Products;
			sourceTree = "<group>";
		};
		22EC114B18EBBCF000B51A6E /* Frameworks */ = {
			isa = PBXGroup;
			children = (
				22EC114C18EBBCF100B51A6E /* Foundation.framework */,
				22EC114E18EBBCF100B51A6E /* CoreGraphics.framework */,
				22EC115018EBBCF100B51A6E /* UIKit.framework */,
				22EC116B18EBBCF100B51A6E /* XCTest.framework */,
			);
			name = Frameworks;
			sourceTree = "<group>";
		};
		22EC115218EBBCF100B51A6E /* Simple Table */ = {
			isa = PBXGroup;
			children = (
				22EC115B18EBBCF100B51A6E /* STJMAppDelegate.h */,
				22EC115C18EBBCF100B51A6E /* STJMAppDelegate.m */,
				22EC115E18EBBCF100B51A6E /* Main.storyboard */,
				22EC116118EBBCF100B51A6E /* STJMViewController.h */,
				22EC116218EBBCF100B51A6E /* STJMViewController.m */,
				22EC116418EBBCF100B51A6E /* Images.xcassets */,
				22EC115318EBBCF100B51A6E /* Supporting Files */,
			);
			path = "Simple Table";
			sourceTree = "<group>";
		};
		22EC115318EBBCF100B51A6E /* Supporting Files */ = {
			isa = PBXGroup;
			children = (
				22EC115418EBBCF100B51A6E /* Simple Table-Info.plist */,
				22EC115518EBBCF100B51A6E /* InfoPlist.strings */,
				22EC115818EBBCF100B51A6E /* main.m */,
				22EC115A18EBBCF100B51A6E /* Simple Table-Prefix.pch */,
			);
			name = "Supporting Files";
			sourceTree = "<group>";
		};
		22EC117118EBBCF100B51A6E /* Simple TableTests */ = {
			isa = PBXGroup;
			children = (
				22EC117718EBBCF100B51A6E /* Simple_TableTests.m */,
				22EC117218EBBCF100B51A6E /* Supporting Files */,
			);
			path = "Simple TableTests";
			sourceTree = "<group>";
		};
		22EC117218EBBCF100B51A6E /* Supporting Files */ = {
			isa = PBXGroup;
			children = (
				22EC117318EBBCF100B51A6E /* Simple TableTests-Info.plist */,
				22EC117418EBBCF100B51A6E /* InfoPlist.strings */,
			);
			name = "Supporting Files";
			sourceTree = "<group>";
		};
/* End PBXGroup section */

/* Begin PBXNativeTarget section */
		22EC114818EBBCF000B51A6E /* Simple Table */ = {
			isa = PBXNativeTarget;
			buildConfigurationList = 22EC117B18EBBCF100B51A6E /* Build configuration list for PBXNativeTarget "Simple Table" */;
			buildPhases = (
				22EC114518EBBCF000B51A6E /* Sources */,
				22EC114618EBBCF000B51A6E /* Frameworks */,
				22EC114718EBBCF000B51A6E /* Resources */,
			);
			buildRules = (
			);
			dependencies = (
			);
			name = "Simple Table";
			productName = "Simple Table";
			productReference = 22EC114918EBBCF000B51A6E /* Simple Table.app */;
			productType = "com.apple.product-type.application";
		};
		22EC116918EBBCF100B51A6E /* Simple TableTests */ = {
			isa = PBXNativeTarget;
			buildConfigurationList = 22EC117E18EBBCF100B51A6E /* Build configuration list for PBXNativeTarget "Simple TableTests" */;
			buildPhases = (
				22EC116618EBBCF100B51A6E /* Sources */,
				22EC116718EBBCF100B51A6E /* Frameworks */,
				22EC116818EBBCF100B51A6E /* Resources */,
			);
			buildRules = (
			);
			dependencies = (
				22EC117018EBBCF100B51A6E /* PBXTargetDependency */,
			);
			name = "Simple TableTests";
			productName = "Simple TableTests";
			productReference = 22EC116A18EBBCF100B51A6E /* Simple TableTests.xctest */;
			productType = "com.apple.product-type.bundle.unit-test";
		};
/* End PBXNativeTarget section */

/* Begin PBXProject section */
		22EC114118EBBCF000B51A6E /* Project object */ = {
			isa = PBXProject;
			attributes = {
				CLASSPREFIX = STJM;
				LastUpgradeCheck = 0510;
				ORGANIZATIONNAME = "Hu Zhe";
				TargetAttributes = {
					22EC116918EBBCF100B51A6E = {
						TestTargetID = 22EC114818EBBCF000B51A6E;
					};
				};
			};
			buildConfigurationList = 22EC114418EBBCF000B51A6E /* Build configuration list for PBXProject "Simple Table" */;
			compatibilityVersion = "Xcode 3.2";
			developmentRegion = English;
			hasScannedForEncodings = 0;
			knownRegions = (
				en,
				Base,
			);
			mainGroup = 22EC114018EBBCF000B51A6E;
			productRefGroup = 22EC114A18EBBCF000B51A6E /* Products */;
			projectDirPath = "";
			projectRoot = "";
			targets = (
				22EC114818EBBCF000B51A6E /* Simple Table */,
				22EC116918EBBCF100B51A6E /* Simple TableTests */,
			);
		};
/* End PBXProject section */

/* Begin PBXResourcesBuildPhase section */
		22EC114718EBBCF000B51A6E /* Resources */ = {
			isa = PBXResourcesBuildPhase;
			buildActionMask = 2147483647;
			files = (
				22EC116518EBBCF100B51A6E /* Images.xcassets in Resources */,
				22EC115718EBBCF100B51A6E /* InfoPlist.strings in Resources */,
				22EC116018EBBCF100B51A6E /* Main.storyboard in Resources */,
			);
			runOnlyForDeploymentPostprocessing = 0;
		};
		22EC116818EBBCF100B51A6E /* Resources */ = {
			isa = PBXResourcesBuildPhase;
			buildActionMask = 2147483647;
			files = (
				22EC117618EBBCF100B51A6E /* InfoPlist.strings in Resources */,
			);
			runOnlyForDeploymentPostprocessing = 0;
		};
/* End PBXResourcesBuildPhase section */

/* Begin PBXSourcesBuildPhase section */
		22EC114518EBBCF000B51A6E /* Sources */ = {
			isa = PBXSourcesBuildPhase;
			buildActionMask = 2147483647;
			files = (
				22EC116318EBBCF100B51A6E /* STJMViewController.m in Sources */,
				22EC115D18EBBCF100B51A6E /* STJMAppDelegate.m in Sources */,
				22EC115918EBBCF100B51A6E /* main.m in Sources */,
			);
			runOnlyForDeploymentPostprocessing = 0;
		};
		22EC116618EBBCF100B51A6E /* Sources */ = {
			isa = PBXSourcesBuildPhase;
			buildActionMask = 2147483647;
			files = (
				22EC117818EBBCF100B51A6E /* Simple_TableTests.m in Sources */,
			);
			runOnlyForDeploymentPostprocessing = 0;
		};
/* End PBXSourcesBuildPhase section */

/* Begin PBXTargetDependency section */
		22EC117018EBBCF100B51A6E /* PBXTargetDependency */ = {
			isa = PBXTargetDependency;
			target = 22EC114818EBBCF000B51A6E /* Simple Table */;
			targetProxy = 22EC116F18EBBCF100B51A6E /* PBXContainerItemProxy */;
		};
/* End PBXTargetDependency section */

/* Begin PBXVariantGroup section */
		22EC115518EBBCF100B51A6E /* InfoPlist.strings */ = {
			isa = PBXVariantGroup;
			children = (
				22EC115618EBBCF100B51A6E /* en */,
			);
			name = InfoPlist.strings;
			sourceTree = "<group>";
		};
		22EC115E18EBBCF100B51A6E /* Main.storyboard */ = {
			isa = PBXVariantGroup;
			children = (
				22EC115F18EBBCF100B51A6E /* Base */,
			);
			name = Main.storyboard;
			sourceTree = "<group>";
		};
		22EC117418EBBCF100B51A6E /* InfoPlist.strings */ = {
			isa = PBXVariantGroup;
			children = (
				22EC117518EBBCF100B51A6E /* en */,
			);
			name = InfoPlist.strings;
			sourceTree = "<group>";
		};
/* End PBXVariantGroup section */

/* Begin XCBuildConfiguration section */
		22EC117918EBBCF100B51A6E /* Debug */ = {
			isa = XCBuildConfiguration;
			buildSettings = {
				ALWAYS_SEARCH_USER_PATHS = NO;
				CLANG_CXX_LANGUAGE_STANDARD = "gnu++0x";
				CLANG_CXX_LIBRARY = "libc++";
				CLANG_ENABLE_MODULES = YES;
				CLANG_ENABLE_OBJC_ARC = YES;
				CLANG_WARN_BOOL_CONVERSION = YES;
				CLANG_WARN_CONSTANT_CONVERSION = YES;
				CLANG_WARN_DIRECT_OBJC_ISA_USAGE = YES_ERROR;
				CLANG_WARN_EMPTY_BODY = YES;
				CLANG_WARN_ENUM_CONVERSION = YES;
				CLANG_WARN_INT_CONVERSION = YES;
				CLANG_WARN_OBJC_ROOT_CLASS = YES_ERROR;
				CLANG_WARN__DUPLICATE_METHOD_MATCH = YES;
				"CODE_SIGN_IDENTITY[sdk=iphoneos*]" = "iPhone Developer";
				COPY_PHASE_STRIP = NO;
				GCC_C_LANGUAGE_STANDARD = gnu99;
				GCC_DYNAMIC_NO_PIC = NO;
				GCC_OPTIMIZATION_LEVEL = 0;
				GCC_PREPROCESSOR_DEFINITIONS = (
					"DEBUG=1",
					"$(inherited)",
				);
				GCC_SYMBOLS_PRIVATE_EXTERN = NO;
				GCC_WARN_64_TO_32_BIT_CONVERSION = YES;
				GCC_WARN_ABOUT_RETURN_TYPE = YES_ERROR;
				GCC_WARN_UNDECLARED_SELECTOR = YES;
				GCC_WARN_UNINITIALIZED_AUTOS = YES_AGGRESSIVE;
				GCC_WARN_UNUSED_FUNCTION = YES;
				GCC_WARN_UNUSED_VARIABLE = YES;
				IPHONEOS_DEPLOYMENT_TARGET = 7.1;
				ONLY_ACTIVE_ARCH = YES;
				SDKROOT = iphoneos;
			};
			name = Debug;
		};
		22EC117A18EBBCF100B51A6E /* Release */ = {
			isa = XCBuildConfiguration;
			buildSettings = {
				ALWAYS_SEARCH_USER_PATHS = NO;
				CLANG_CXX_LANGUAGE_STANDARD = "gnu++0x";
				CLANG_CXX_LIBRARY = "libc++";
				CLANG_ENABLE_MODULES = YES;
				CLANG_ENABLE_OBJC_ARC = YES;
				CLANG_WARN_BOOL_CONVERSION = YES;
				CLANG_WARN_CONSTANT_CONVERSION = YES;
				CLANG_WARN_DIRECT_OBJC_ISA_USAGE = YES_ERROR;
				CLANG_WARN_EMPTY_BODY = YES;
				CLANG_WARN_ENUM_CONVERSION = YES;
				CLANG_WARN_INT_CONVERSION = YES;
				CLANG_WARN_OBJC_ROOT_CLASS = YES_ERROR;
				CLANG_WARN__DUPLICATE_METHOD_MATCH = YES;
				"CODE_SIGN_IDENTITY[sdk=iphoneos*]" = "iPhone Developer";
				COPY_PHASE_STRIP = YES;
				ENABLE_NS_ASSERTIONS = NO;
				GCC_C_LANGUAGE_STANDARD = gnu99;
				GCC_WARN_64_TO_32_BIT_CONVERSION = YES;
				GCC_WARN_ABOUT_RETURN_TYPE = YES_ERROR;
				GCC_WARN_UNDECLARED_SELECTOR = YES;
				GCC_WARN_UNINITIALIZED_AUTOS = YES_AGGRESSIVE;
				GCC_WARN_UNUSED_FUNCTION = YES;
				GCC_WARN_UNUSED_VARIABLE = YES;
				IPHONEOS_DEPLOYMENT_TARGET = 7.1;
				SDKROOT = iphoneos;
				VALIDATE_PRODUCT = YES;
			};
			name = Release;
		};
		22EC117C18EBBCF100B51A6E /* Debug */ = {
			isa = XCBuildConfiguration;
			buildSettings = {
				ASSETCATALOG_COMPILER_APPICON_NAME = AppIcon;
				ASSETCATALOG_COMPILER_LAUNCHIMAGE_NAME = LaunchImage;
				GCC_PRECOMPILE_PREFIX_HEADER = YES;
				GCC_PREFIX_HEADER = "Simple Table/Simple Table-Prefix.pch";
				INFOPLIST_FILE = "Simple Table/Simple Table-Info.plist";
				PRODUCT_NAME = "$(TARGET_NAME)";
				WRAPPER_EXTENSION = app;
			};
			name = Debug;
		};
		22EC117D18EBBCF100B51A6E /* Release */ = {
			isa = XCBuildConfiguration;
			buildSettings = {
				ASSETCATALOG_COMPILER_APPICON_NAME = AppIcon;
				ASSETCATALOG_COMPILER_LAUNCHIMAGE_NAME = LaunchImage;
				GCC_PRECOMPILE_PREFIX_HEADER = YES;
				GCC_PREFIX_HEADER = "Simple Table/Simple Table-Prefix.pch";
				INFOPLIST_FILE = "Simple Table/Simple Table-Info.plist";
				PRODUCT_NAME = "$(TARGET_NAME)";
				WRAPPER_EXTENSION = app;
			};
			name = Release;
		};
		22EC117F18EBBCF100B51A6E /* Debug */ = {
			isa = XCBuildConfiguration;
			buildSettings = {
				BUNDLE_LOADER = "$(BUILT_PRODUCTS_DIR)/Simple Table.app/Simple Table";
				FRAMEWORK_SEARCH_PATHS = (
					"$(SDKROOT)/Developer/Library/Frameworks",
					"$(inherited)",
					"$(DEVELOPER_FRAMEWORKS_DIR)",
				);
				GCC_PRECOMPILE_PREFIX_HEADER = YES;
				GCC_PREFIX_HEADER = "Simple Table/Simple Table-Prefix.pch";
				GCC_PREPROCESSOR_DEFINITIONS = (
					"DEBUG=1",
					"$(inherited)",
				);
				INFOPLIST_FILE = "Simple TableTests/Simple TableTests-Info.plist";
				PRODUCT_NAME = "$(TARGET_NAME)";
				TEST_HOST = "$(BUNDLE_LOADER)";
				WRAPPER_EXTENSION = xctest;
			};
			name = Debug;
		};
		22EC118018EBBCF100B51A6E /* Release */ = {
			isa = XCBuildConfiguration;
			buildSettings = {
				BUNDLE_LOADER = "$(BUILT_PRODUCTS_DIR)/Simple Table.app/Simple Table";
				FRAMEWORK_SEARCH_PATHS = (
					"$(SDKROOT)/Developer/Library/Frameworks",
					"$(inherited)",
					"$(DEVELOPER_FRAMEWORKS_DIR)",
				);
				GCC_PRECOMPILE_PREFIX_HEADER = YES;
				GCC_PREFIX_HEADER = "Simple Table/Simple Table-Prefix.pch";
				INFOPLIST_FILE = "Simple TableTests/Simple TableTests-Info.plist";
				PRODUCT_NAME = "$(TARGET_NAME)";
				TEST_HOST = "$(BUNDLE_LOADER)";
				WRAPPER_EXTENSION = xctest;
			};
			name = Release;
		};
/* End XCBuildConfiguration section */

/* Begin XCConfigurationList section */
		22EC114418EBBCF000B51A6E /* Build configuration list for PBXProject "Simple Table" */ = {
			isa = XCConfigurationList;
			buildConfigurations = (
				22EC117918EBBCF100B51A6E /* Debug */,
				22EC117A18EBBCF100B51A6E /* Release */,
			);
			defaultConfigurationIsVisible = 0;
			defaultConfigurationName = Release;
		};
		22EC117B18EBBCF100B51A6E /* Build configuration list for PBXNativeTarget "Simple Table" */ = {
			isa = XCConfigurationList;
			buildConfigurations = (
				22EC117C18EBBCF100B51A6E /* Debug */,
				22EC117D18EBBCF100B51A6E /* Release */,
			);
			defaultConfigurationIsVisible = 0;
		};
		22EC117E18EBBCF100B51A6E /* Build configuration list for PBXNativeTarget "Simple TableTests" */ = {
			isa = XCConfigurationList;
			buildConfigurations = (
				22EC117F18EBBCF100B51A6E /* Debug */,
				22EC118018EBBCF100B51A6E /* Release */,
			);
			defaultConfigurationIsVisible = 0;
		};
/* End XCConfigurationList section */
	};
	rootObject = 22EC114118EBBCF000B51A6E /* Project object */;
}
