// !$*UTF8*$!
{
	archiveVersion = 1;
	classes = {
	};
	objectVersion = 46;
	objects = {

/* Begin PBXBuildFile section */
		2236A9001907675E00458100 /* Foundation.framework in Frameworks */ = {isa = PBXBuildFile; fileRef = 2236A8FF1907675E00458100 /* Foundation.framework */; };
		2236A9021907675E00458100 /* CoreGraphics.framework in Frameworks */ = {isa = PBXBuildFile; fileRef = 2236A9011907675E00458100 /* CoreGraphics.framework */; };
		2236A9041907675E00458100 /* UIKit.framework in Frameworks */ = {isa = PBXBuildFile; fileRef = 2236A9031907675E00458100 /* UIKit.framework */; };
		2236A90A1907675E00458100 /* InfoPlist.strings in Resources */ = {isa = PBXBuildFile; fileRef = 2236A9081907675E00458100 /* InfoPlist.strings */; };
		2236A90C1907675E00458100 /* main.m in Sources */ = {isa = PBXBuildFile; fileRef = 2236A90B1907675E00458100 /* main.m */; };
		2236A9101907675E00458100 /* STJMAppDelegate.m in Sources */ = {isa = PBXBuildFile; fileRef = 2236A90F1907675E00458100 /* STJMAppDelegate.m */; };
		2236A9121907675E00458100 /* Images.xcassets in Resources */ = {isa = PBXBuildFile; fileRef = 2236A9111907675E00458100 /* Images.xcassets */; };
		2236A9191907675F00458100 /* XCTest.framework in Frameworks */ = {isa = PBXBuildFile; fileRef = 2236A9181907675F00458100 /* XCTest.framework */; };
		2236A91A1907675F00458100 /* Foundation.framework in Frameworks */ = {isa = PBXBuildFile; fileRef = 2236A8FF1907675E00458100 /* Foundation.framework */; };
		2236A91B1907675F00458100 /* UIKit.framework in Frameworks */ = {isa = PBXBuildFile; fileRef = 2236A9031907675E00458100 /* UIKit.framework */; };
		2236A9231907675F00458100 /* InfoPlist.strings in Resources */ = {isa = PBXBuildFile; fileRef = 2236A9211907675F00458100 /* InfoPlist.strings */; };
		2236A9251907675F00458100 /* ISIS2_MobileTests.m in Sources */ = {isa = PBXBuildFile; fileRef = 2236A9241907675F00458100 /* ISIS2_MobileTests.m */; };
/* End PBXBuildFile section */

/* Begin PBXContainerItemProxy section */
		2236A91C1907675F00458100 /* PBXContainerItemProxy */ = {
			isa = PBXContainerItemProxy;
			containerPortal = 2236A8F41907675E00458100 /* Project object */;
			proxyType = 1;
			remoteGlobalIDString = 2236A8FB1907675E00458100;
			remoteInfo = "ISIS2 Mobile";
		};
/* End PBXContainerItemProxy section */

/* Begin PBXFileReference section */
		2236A8FC1907675E00458100 /* ISIS2 Mobile.app */ = {isa = PBXFileReference; explicitFileType = wrapper.application; includeInIndex = 0; path = "ISIS2 Mobile.app"; sourceTree = BUILT_PRODUCTS_DIR; };
		2236A8FF1907675E00458100 /* Foundation.framework */ = {isa = PBXFileReference; lastKnownFileType = wrapper.framework; name = Foundation.framework; path = System/Library/Frameworks/Foundation.framework; sourceTree = SDKROOT; };
		2236A9011907675E00458100 /* CoreGraphics.framework */ = {isa = PBXFileReference; lastKnownFileType = wrapper.framework; name = CoreGraphics.framework; path = System/Library/Frameworks/CoreGraphics.framework; sourceTree = SDKROOT; };
		2236A9031907675E00458100 /* UIKit.framework */ = {isa = PBXFileReference; lastKnownFileType = wrapper.framework; name = UIKit.framework; path = System/Library/Frameworks/UIKit.framework; sourceTree = SDKROOT; };
		2236A9071907675E00458100 /* ISIS2 Mobile-Info.plist */ = {isa = PBXFileReference; lastKnownFileType = text.plist.xml; path = "ISIS2 Mobile-Info.plist"; sourceTree = "<group>"; };
		2236A9091907675E00458100 /* en */ = {isa = PBXFileReference; lastKnownFileType = text.plist.strings; name = en; path = en.lproj/InfoPlist.strings; sourceTree = "<group>"; };
		2236A90B1907675E00458100 /* main.m */ = {isa = PBXFileReference; lastKnownFileType = sourcecode.c.objc; path = main.m; sourceTree = "<group>"; };
		2236A90D1907675E00458100 /* ISIS2 Mobile-Prefix.pch */ = {isa = PBXFileReference; lastKnownFileType = sourcecode.c.h; path = "ISIS2 Mobile-Prefix.pch"; sourceTree = "<group>"; };
		2236A90E1907675E00458100 /* STJMAppDelegate.h */ = {isa = PBXFileReference; lastKnownFileType = sourcecode.c.h; path = STJMAppDelegate.h; sourceTree = "<group>"; };
		2236A90F1907675E00458100 /* STJMAppDelegate.m */ = {isa = PBXFileReference; lastKnownFileType = sourcecode.c.objc; path = STJMAppDelegate.m; sourceTree = "<group>"; };
		2236A9111907675E00458100 /* Images.xcassets */ = {isa = PBXFileReference; lastKnownFileType = folder.assetcatalog; path = Images.xcassets; sourceTree = "<group>"; };
		2236A9171907675F00458100 /* ISIS2 MobileTests.xctest */ = {isa = PBXFileReference; explicitFileType = wrapper.cfbundle; includeInIndex = 0; path = "ISIS2 MobileTests.xctest"; sourceTree = BUILT_PRODUCTS_DIR; };
		2236A9181907675F00458100 /* XCTest.framework */ = {isa = PBXFileReference; lastKnownFileType = wrapper.framework; name = XCTest.framework; path = Library/Frameworks/XCTest.framework; sourceTree = DEVELOPER_DIR; };
		2236A9201907675F00458100 /* ISIS2 MobileTests-Info.plist */ = {isa = PBXFileReference; lastKnownFileType = text.plist.xml; path = "ISIS2 MobileTests-Info.plist"; sourceTree = "<group>"; };
		2236A9221907675F00458100 /* en */ = {isa = PBXFileReference; lastKnownFileType = text.plist.strings; name = en; path = en.lproj/InfoPlist.strings; sourceTree = "<group>"; };
		2236A9241907675F00458100 /* ISIS2_MobileTests.m */ = {isa = PBXFileReference; lastKnownFileType = sourcecode.c.objc; path = ISIS2_MobileTests.m; sourceTree = "<group>"; };
/* End PBXFileReference section */

/* Begin PBXFrameworksBuildPhase section */
		2236A8F91907675E00458100 /* Frameworks */ = {
			isa = PBXFrameworksBuildPhase;
			buildActionMask = 2147483647;
			files = (
				2236A9021907675E00458100 /* CoreGraphics.framework in Frameworks */,
				2236A9041907675E00458100 /* UIKit.framework in Frameworks */,
				2236A9001907675E00458100 /* Foundation.framework in Frameworks */,
			);
			runOnlyForDeploymentPostprocessing = 0;
		};
		2236A9141907675F00458100 /* Frameworks */ = {
			isa = PBXFrameworksBuildPhase;
			buildActionMask = 2147483647;
			files = (
				2236A9191907675F00458100 /* XCTest.framework in Frameworks */,
				2236A91B1907675F00458100 /* UIKit.framework in Frameworks */,
				2236A91A1907675F00458100 /* Foundation.framework in Frameworks */,
			);
			runOnlyForDeploymentPostprocessing = 0;
		};
/* End PBXFrameworksBuildPhase section */

/* Begin PBXGroup section */
		2236A8F31907675E00458100 = {
			isa = PBXGroup;
			children = (
				2236A9051907675E00458100 /* ISIS2 Mobile */,
				2236A91E1907675F00458100 /* ISIS2 MobileTests */,
				2236A8FE1907675E00458100 /* Frameworks */,
				2236A8FD1907675E00458100 /* Products */,
			);
			sourceTree = "<group>";
		};
		2236A8FD1907675E00458100 /* Products */ = {
			isa = PBXGroup;
			children = (
				2236A8FC1907675E00458100 /* ISIS2 Mobile.app */,
				2236A9171907675F00458100 /* ISIS2 MobileTests.xctest */,
			);
			name = Products;
			sourceTree = "<group>";
		};
		2236A8FE1907675E00458100 /* Frameworks */ = {
			isa = PBXGroup;
			children = (
				2236A8FF1907675E00458100 /* Foundation.framework */,
				2236A9011907675E00458100 /* CoreGraphics.framework */,
				2236A9031907675E00458100 /* UIKit.framework */,
				2236A9181907675F00458100 /* XCTest.framework */,
			);
			name = Frameworks;
			sourceTree = "<group>";
		};
		2236A9051907675E00458100 /* ISIS2 Mobile */ = {
			isa = PBXGroup;
			children = (
				2236A90E1907675E00458100 /* STJMAppDelegate.h */,
				2236A90F1907675E00458100 /* STJMAppDelegate.m */,
				2236A9111907675E00458100 /* Images.xcassets */,
				2236A9061907675E00458100 /* Supporting Files */,
			);
			path = "ISIS2 Mobile";
			sourceTree = "<group>";
		};
		2236A9061907675E00458100 /* Supporting Files */ = {
			isa = PBXGroup;
			children = (
				2236A9071907675E00458100 /* ISIS2 Mobile-Info.plist */,
				2236A9081907675E00458100 /* InfoPlist.strings */,
				2236A90B1907675E00458100 /* main.m */,
				2236A90D1907675E00458100 /* ISIS2 Mobile-Prefix.pch */,
			);
			name = "Supporting Files";
			sourceTree = "<group>";
		};
		2236A91E1907675F00458100 /* ISIS2 MobileTests */ = {
			isa = PBXGroup;
			children = (
				2236A9241907675F00458100 /* ISIS2_MobileTests.m */,
				2236A91F1907675F00458100 /* Supporting Files */,
			);
			path = "ISIS2 MobileTests";
			sourceTree = "<group>";
		};
		2236A91F1907675F00458100 /* Supporting Files */ = {
			isa = PBXGroup;
			children = (
				2236A9201907675F00458100 /* ISIS2 MobileTests-Info.plist */,
				2236A9211907675F00458100 /* InfoPlist.strings */,
			);
			name = "Supporting Files";
			sourceTree = "<group>";
		};
/* End PBXGroup section */

/* Begin PBXNativeTarget section */
		2236A8FB1907675E00458100 /* ISIS2 Mobile */ = {
			isa = PBXNativeTarget;
			buildConfigurationList = 2236A9281907675F00458100 /* Build configuration list for PBXNativeTarget "ISIS2 Mobile" */;
			buildPhases = (
				2236A8F81907675E00458100 /* Sources */,
				2236A8F91907675E00458100 /* Frameworks */,
				2236A8FA1907675E00458100 /* Resources */,
			);
			buildRules = (
			);
			dependencies = (
			);
			name = "ISIS2 Mobile";
			productName = "ISIS2 Mobile";
			productReference = 2236A8FC1907675E00458100 /* ISIS2 Mobile.app */;
			productType = "com.apple.product-type.application";
		};
		2236A9161907675F00458100 /* ISIS2 MobileTests */ = {
			isa = PBXNativeTarget;
			buildConfigurationList = 2236A92B1907675F00458100 /* Build configuration list for PBXNativeTarget "ISIS2 MobileTests" */;
			buildPhases = (
				2236A9131907675F00458100 /* Sources */,
				2236A9141907675F00458100 /* Frameworks */,
				2236A9151907675F00458100 /* Resources */,
			);
			buildRules = (
			);
			dependencies = (
				2236A91D1907675F00458100 /* PBXTargetDependency */,
			);
			name = "ISIS2 MobileTests";
			productName = "ISIS2 MobileTests";
			productReference = 2236A9171907675F00458100 /* ISIS2 MobileTests.xctest */;
			productType = "com.apple.product-type.bundle.unit-test";
		};
/* End PBXNativeTarget section */

/* Begin PBXProject section */
		2236A8F41907675E00458100 /* Project object */ = {
			isa = PBXProject;
			attributes = {
				CLASSPREFIX = STJM;
				LastUpgradeCheck = 0510;
				ORGANIZATIONNAME = "Hu Zhe";
				TargetAttributes = {
					2236A9161907675F00458100 = {
						TestTargetID = 2236A8FB1907675E00458100;
					};
				};
			};
			buildConfigurationList = 2236A8F71907675E00458100 /* Build configuration list for PBXProject "ISIS2 Mobile" */;
			compatibilityVersion = "Xcode 3.2";
			developmentRegion = English;
			hasScannedForEncodings = 0;
			knownRegions = (
				en,
			);
			mainGroup = 2236A8F31907675E00458100;
			productRefGroup = 2236A8FD1907675E00458100 /* Products */;
			projectDirPath = "";
			projectRoot = "";
			targets = (
				2236A8FB1907675E00458100 /* ISIS2 Mobile */,
				2236A9161907675F00458100 /* ISIS2 MobileTests */,
			);
		};
/* End PBXProject section */

/* Begin PBXResourcesBuildPhase section */
		2236A8FA1907675E00458100 /* Resources */ = {
			isa = PBXResourcesBuildPhase;
			buildActionMask = 2147483647;
			files = (
				2236A90A1907675E00458100 /* InfoPlist.strings in Resources */,
				2236A9121907675E00458100 /* Images.xcassets in Resources */,
			);
			runOnlyForDeploymentPostprocessing = 0;
		};
		2236A9151907675F00458100 /* Resources */ = {
			isa = PBXResourcesBuildPhase;
			buildActionMask = 2147483647;
			files = (
				2236A9231907675F00458100 /* InfoPlist.strings in Resources */,
			);
			runOnlyForDeploymentPostprocessing = 0;
		};
/* End PBXResourcesBuildPhase section */

/* Begin PBXSourcesBuildPhase section */
		2236A8F81907675E00458100 /* Sources */ = {
			isa = PBXSourcesBuildPhase;
			buildActionMask = 2147483647;
			files = (
				2236A9101907675E00458100 /* STJMAppDelegate.m in Sources */,
				2236A90C1907675E00458100 /* main.m in Sources */,
			);
			runOnlyForDeploymentPostprocessing = 0;
		};
		2236A9131907675F00458100 /* Sources */ = {
			isa = PBXSourcesBuildPhase;
			buildActionMask = 2147483647;
			files = (
				2236A9251907675F00458100 /* ISIS2_MobileTests.m in Sources */,
			);
			runOnlyForDeploymentPostprocessing = 0;
		};
/* End PBXSourcesBuildPhase section */

/* Begin PBXTargetDependency section */
		2236A91D1907675F00458100 /* PBXTargetDependency */ = {
			isa = PBXTargetDependency;
			target = 2236A8FB1907675E00458100 /* ISIS2 Mobile */;
			targetProxy = 2236A91C1907675F00458100 /* PBXContainerItemProxy */;
		};
/* End PBXTargetDependency section */

/* Begin PBXVariantGroup section */
		2236A9081907675E00458100 /* InfoPlist.strings */ = {
			isa = PBXVariantGroup;
			children = (
				2236A9091907675E00458100 /* en */,
			);
			name = InfoPlist.strings;
			sourceTree = "<group>";
		};
		2236A9211907675F00458100 /* InfoPlist.strings */ = {
			isa = PBXVariantGroup;
			children = (
				2236A9221907675F00458100 /* en */,
			);
			name = InfoPlist.strings;
			sourceTree = "<group>";
		};
/* End PBXVariantGroup section */

/* Begin XCBuildConfiguration section */
		2236A9261907675F00458100 /* Debug */ = {
			isa = XCBuildConfiguration;
			buildSettings = {
				ALWAYS_SEARCH_USER_PATHS = NO;
				CLANG_CXX_LANGUAGE_STANDARD = "gnu++0x";
				CLANG_CXX_LIBRARY = "libc++";
				CLANG_ENABLE_MODULES = YES;
				CLANG_ENABLE_OBJC_ARC = YES;
				CLANG_WARN_BOOL_CONVERSION = YES;
				CLANG_WARN_CONSTANT_CONVERSION = YES;
				CLANG_WARN_DIRECT_OBJC_ISA_USAGE = YES_ERROR;
				CLANG_WARN_EMPTY_BODY = YES;
				CLANG_WARN_ENUM_CONVERSION = YES;
				CLANG_WARN_INT_CONVERSION = YES;
				CLANG_WARN_OBJC_ROOT_CLASS = YES_ERROR;
				CLANG_WARN__DUPLICATE_METHOD_MATCH = YES;
				"CODE_SIGN_IDENTITY[sdk=iphoneos*]" = "iPhone Developer";
				COPY_PHASE_STRIP = NO;
				GCC_C_LANGUAGE_STANDARD = gnu99;
				GCC_DYNAMIC_NO_PIC = NO;
				GCC_OPTIMIZATION_LEVEL = 0;
				GCC_PREPROCESSOR_DEFINITIONS = (
					"DEBUG=1",
					"$(inherited)",
				);
				GCC_SYMBOLS_PRIVATE_EXTERN = NO;
				GCC_WARN_64_TO_32_BIT_CONVERSION = YES;
				GCC_WARN_ABOUT_RETURN_TYPE = YES_ERROR;
				GCC_WARN_UNDECLARED_SELECTOR = YES;
				GCC_WARN_UNINITIALIZED_AUTOS = YES_AGGRESSIVE;
				GCC_WARN_UNUSED_FUNCTION = YES;
				GCC_WARN_UNUSED_VARIABLE = YES;
				IPHONEOS_DEPLOYMENT_TARGET = 7.1;
				ONLY_ACTIVE_ARCH = YES;
				SDKROOT = iphoneos;
			};
			name = Debug;
		};
		2236A9271907675F00458100 /* Release */ = {
			isa = XCBuildConfiguration;
			buildSettings = {
				ALWAYS_SEARCH_USER_PATHS = NO;
				CLANG_CXX_LANGUAGE_STANDARD = "gnu++0x";
				CLANG_CXX_LIBRARY = "libc++";
				CLANG_ENABLE_MODULES = YES;
				CLANG_ENABLE_OBJC_ARC = YES;
				CLANG_WARN_BOOL_CONVERSION = YES;
				CLANG_WARN_CONSTANT_CONVERSION = YES;
				CLANG_WARN_DIRECT_OBJC_ISA_USAGE = YES_ERROR;
				CLANG_WARN_EMPTY_BODY = YES;
				CLANG_WARN_ENUM_CONVERSION = YES;
				CLANG_WARN_INT_CONVERSION = YES;
				CLANG_WARN_OBJC_ROOT_CLASS = YES_ERROR;
				CLANG_WARN__DUPLICATE_METHOD_MATCH = YES;
				"CODE_SIGN_IDENTITY[sdk=iphoneos*]" = "iPhone Developer";
				COPY_PHASE_STRIP = YES;
				ENABLE_NS_ASSERTIONS = NO;
				GCC_C_LANGUAGE_STANDARD = gnu99;
				GCC_WARN_64_TO_32_BIT_CONVERSION = YES;
				GCC_WARN_ABOUT_RETURN_TYPE = YES_ERROR;
				GCC_WARN_UNDECLARED_SELECTOR = YES;
				GCC_WARN_UNINITIALIZED_AUTOS = YES_AGGRESSIVE;
				GCC_WARN_UNUSED_FUNCTION = YES;
				GCC_WARN_UNUSED_VARIABLE = YES;
				IPHONEOS_DEPLOYMENT_TARGET = 7.1;
				SDKROOT = iphoneos;
				VALIDATE_PRODUCT = YES;
			};
			name = Release;
		};
		2236A9291907675F00458100 /* Debug */ = {
			isa = XCBuildConfiguration;
			buildSettings = {
				ASSETCATALOG_COMPILER_APPICON_NAME = AppIcon;
				ASSETCATALOG_COMPILER_LAUNCHIMAGE_NAME = LaunchImage;
				GCC_PRECOMPILE_PREFIX_HEADER = YES;
				GCC_PREFIX_HEADER = "ISIS2 Mobile/ISIS2 Mobile-Prefix.pch";
				INFOPLIST_FILE = "ISIS2 Mobile/ISIS2 Mobile-Info.plist";
				PRODUCT_NAME = "$(TARGET_NAME)";
				WRAPPER_EXTENSION = app;
			};
			name = Debug;
		};
		2236A92A1907675F00458100 /* Release */ = {
			isa = XCBuildConfiguration;
			buildSettings = {
				ASSETCATALOG_COMPILER_APPICON_NAME = AppIcon;
				ASSETCATALOG_COMPILER_LAUNCHIMAGE_NAME = LaunchImage;
				GCC_PRECOMPILE_PREFIX_HEADER = YES;
				GCC_PREFIX_HEADER = "ISIS2 Mobile/ISIS2 Mobile-Prefix.pch";
				INFOPLIST_FILE = "ISIS2 Mobile/ISIS2 Mobile-Info.plist";
				PRODUCT_NAME = "$(TARGET_NAME)";
				WRAPPER_EXTENSION = app;
			};
			name = Release;
		};
		2236A92C1907675F00458100 /* Debug */ = {
			isa = XCBuildConfiguration;
			buildSettings = {
				BUNDLE_LOADER = "$(BUILT_PRODUCTS_DIR)/ISIS2 Mobile.app/ISIS2 Mobile";
				FRAMEWORK_SEARCH_PATHS = (
					"$(SDKROOT)/Developer/Library/Frameworks",
					"$(inherited)",
					"$(DEVELOPER_FRAMEWORKS_DIR)",
				);
				GCC_PRECOMPILE_PREFIX_HEADER = YES;
				GCC_PREFIX_HEADER = "ISIS2 Mobile/ISIS2 Mobile-Prefix.pch";
				GCC_PREPROCESSOR_DEFINITIONS = (
					"DEBUG=1",
					"$(inherited)",
				);
				INFOPLIST_FILE = "ISIS2 MobileTests/ISIS2 MobileTests-Info.plist";
				PRODUCT_NAME = "$(TARGET_NAME)";
				TEST_HOST = "$(BUNDLE_LOADER)";
				WRAPPER_EXTENSION = xctest;
			};
			name = Debug;
		};
		2236A92D1907675F00458100 /* Release */ = {
			isa = XCBuildConfiguration;
			buildSettings = {
				BUNDLE_LOADER = "$(BUILT_PRODUCTS_DIR)/ISIS2 Mobile.app/ISIS2 Mobile";
				FRAMEWORK_SEARCH_PATHS = (
					"$(SDKROOT)/Developer/Library/Frameworks",
					"$(inherited)",
					"$(DEVELOPER_FRAMEWORKS_DIR)",
				);
				GCC_PRECOMPILE_PREFIX_HEADER = YES;
				GCC_PREFIX_HEADER = "ISIS2 Mobile/ISIS2 Mobile-Prefix.pch";
				INFOPLIST_FILE = "ISIS2 MobileTests/ISIS2 MobileTests-Info.plist";
				PRODUCT_NAME = "$(TARGET_NAME)";
				TEST_HOST = "$(BUNDLE_LOADER)";
				WRAPPER_EXTENSION = xctest;
			};
			name = Release;
		};
/* End XCBuildConfiguration section */

/* Begin XCConfigurationList section */
		2236A8F71907675E00458100 /* Build configuration list for PBXProject "ISIS2 Mobile" */ = {
			isa = XCConfigurationList;
			buildConfigurations = (
				2236A9261907675F00458100 /* Debug */,
				2236A9271907675F00458100 /* Release */,
			);
			defaultConfigurationIsVisible = 0;
			defaultConfigurationName = Release;
		};
		2236A9281907675F00458100 /* Build configuration list for PBXNativeTarget "ISIS2 Mobile" */ = {
			isa = XCConfigurationList;
			buildConfigurations = (
				2236A9291907675F00458100 /* Debug */,
				2236A92A1907675F00458100 /* Release */,
			);
			defaultConfigurationIsVisible = 0;
		};
		2236A92B1907675F00458100 /* Build configuration list for PBXNativeTarget "ISIS2 MobileTests" */ = {
			isa = XCConfigurationList;
			buildConfigurations = (
				2236A92C1907675F00458100 /* Debug */,
				2236A92D1907675F00458100 /* Release */,
			);
			defaultConfigurationIsVisible = 0;
		};
/* End XCConfigurationList section */
	};
	rootObject = 2236A8F41907675E00458100 /* Project object */;
}
