// !$*UTF8*$!
{
	archiveVersion = 1;
	classes = {
	};
	objectVersion = 46;
	objects = {

/* Begin PBXBuildFile section */
		22249BE918E14DBA0048B0F6 /* Foundation.framework in Frameworks */ = {isa = PBXBuildFile; fileRef = 22249BE818E14DBA0048B0F6 /* Foundation.framework */; };
		22249BEB18E14DBA0048B0F6 /* CoreGraphics.framework in Frameworks */ = {isa = PBXBuildFile; fileRef = 22249BEA18E14DBA0048B0F6 /* CoreGraphics.framework */; };
		22249BED18E14DBA0048B0F6 /* UIKit.framework in Frameworks */ = {isa = PBXBuildFile; fileRef = 22249BEC18E14DBA0048B0F6 /* UIKit.framework */; };
		22249BF318E14DBA0048B0F6 /* InfoPlist.strings in Resources */ = {isa = PBXBuildFile; fileRef = 22249BF118E14DBA0048B0F6 /* InfoPlist.strings */; };
		22249BF518E14DBA0048B0F6 /* main.m in Sources */ = {isa = PBXBuildFile; fileRef = 22249BF418E14DBA0048B0F6 /* main.m */; };
		22249BF918E14DBA0048B0F6 /* STJMAppDelegate.m in Sources */ = {isa = PBXBuildFile; fileRef = 22249BF818E14DBA0048B0F6 /* STJMAppDelegate.m */; };
		22249BFC18E14DBA0048B0F6 /* Main_iPhone.storyboard in Resources */ = {isa = PBXBuildFile; fileRef = 22249BFA18E14DBA0048B0F6 /* Main_iPhone.storyboard */; };
		22249BFF18E14DBA0048B0F6 /* Main_iPad.storyboard in Resources */ = {isa = PBXBuildFile; fileRef = 22249BFD18E14DBA0048B0F6 /* Main_iPad.storyboard */; };
		22249C0218E14DBA0048B0F6 /* STJMViewController.m in Sources */ = {isa = PBXBuildFile; fileRef = 22249C0118E14DBA0048B0F6 /* STJMViewController.m */; };
		22249C0418E14DBA0048B0F6 /* Images.xcassets in Resources */ = {isa = PBXBuildFile; fileRef = 22249C0318E14DBA0048B0F6 /* Images.xcassets */; };
		22249C0B18E14DBA0048B0F6 /* XCTest.framework in Frameworks */ = {isa = PBXBuildFile; fileRef = 22249C0A18E14DBA0048B0F6 /* XCTest.framework */; };
		22249C0C18E14DBA0048B0F6 /* Foundation.framework in Frameworks */ = {isa = PBXBuildFile; fileRef = 22249BE818E14DBA0048B0F6 /* Foundation.framework */; };
		22249C0D18E14DBA0048B0F6 /* UIKit.framework in Frameworks */ = {isa = PBXBuildFile; fileRef = 22249BEC18E14DBA0048B0F6 /* UIKit.framework */; };
		22249C1518E14DBA0048B0F6 /* InfoPlist.strings in Resources */ = {isa = PBXBuildFile; fileRef = 22249C1318E14DBA0048B0F6 /* InfoPlist.strings */; };
		22249C1718E14DBA0048B0F6 /* Control_FunTests.m in Sources */ = {isa = PBXBuildFile; fileRef = 22249C1618E14DBA0048B0F6 /* Control_FunTests.m */; };
/* End PBXBuildFile section */

/* Begin PBXContainerItemProxy section */
		22249C0E18E14DBA0048B0F6 /* PBXContainerItemProxy */ = {
			isa = PBXContainerItemProxy;
			containerPortal = 22249BDD18E14DB90048B0F6 /* Project object */;
			proxyType = 1;
			remoteGlobalIDString = 22249BE418E14DBA0048B0F6;
			remoteInfo = "Control Fun";
		};
/* End PBXContainerItemProxy section */

/* Begin PBXFileReference section */
		22249BE518E14DBA0048B0F6 /* Control Fun.app */ = {isa = PBXFileReference; explicitFileType = wrapper.application; includeInIndex = 0; path = "Control Fun.app"; sourceTree = BUILT_PRODUCTS_DIR; };
		22249BE818E14DBA0048B0F6 /* Foundation.framework */ = {isa = PBXFileReference; lastKnownFileType = wrapper.framework; name = Foundation.framework; path = System/Library/Frameworks/Foundation.framework; sourceTree = SDKROOT; };
		22249BEA18E14DBA0048B0F6 /* CoreGraphics.framework */ = {isa = PBXFileReference; lastKnownFileType = wrapper.framework; name = CoreGraphics.framework; path = System/Library/Frameworks/CoreGraphics.framework; sourceTree = SDKROOT; };
		22249BEC18E14DBA0048B0F6 /* UIKit.framework */ = {isa = PBXFileReference; lastKnownFileType = wrapper.framework; name = UIKit.framework; path = System/Library/Frameworks/UIKit.framework; sourceTree = SDKROOT; };
		22249BF018E14DBA0048B0F6 /* Control Fun-Info.plist */ = {isa = PBXFileReference; lastKnownFileType = text.plist.xml; path = "Control Fun-Info.plist"; sourceTree = "<group>"; };
		22249BF218E14DBA0048B0F6 /* en */ = {isa = PBXFileReference; lastKnownFileType = text.plist.strings; name = en; path = en.lproj/InfoPlist.strings; sourceTree = "<group>"; };
		22249BF418E14DBA0048B0F6 /* main.m */ = {isa = PBXFileReference; lastKnownFileType = sourcecode.c.objc; path = main.m; sourceTree = "<group>"; };
		22249BF618E14DBA0048B0F6 /* Control Fun-Prefix.pch */ = {isa = PBXFileReference; lastKnownFileType = sourcecode.c.h; path = "Control Fun-Prefix.pch"; sourceTree = "<group>"; };
		22249BF718E14DBA0048B0F6 /* STJMAppDelegate.h */ = {isa = PBXFileReference; lastKnownFileType = sourcecode.c.h; path = STJMAppDelegate.h; sourceTree = "<group>"; };
		22249BF818E14DBA0048B0F6 /* STJMAppDelegate.m */ = {isa = PBXFileReference; lastKnownFileType = sourcecode.c.objc; path = STJMAppDelegate.m; sourceTree = "<group>"; };
		22249BFB18E14DBA0048B0F6 /* Base */ = {isa = PBXFileReference; lastKnownFileType = file.storyboard; name = Base; path = Base.lproj/Main_iPhone.storyboard; sourceTree = "<group>"; };
		22249BFE18E14DBA0048B0F6 /* Base */ = {isa = PBXFileReference; lastKnownFileType = file.storyboard; name = Base; path = Base.lproj/Main_iPad.storyboard; sourceTree = "<group>"; };
		22249C0018E14DBA0048B0F6 /* STJMViewController.h */ = {isa = PBXFileReference; lastKnownFileType = sourcecode.c.h; path = STJMViewController.h; sourceTree = "<group>"; };
		22249C0118E14DBA0048B0F6 /* STJMViewController.m */ = {isa = PBXFileReference; lastKnownFileType = sourcecode.c.objc; path = STJMViewController.m; sourceTree = "<group>"; };
		22249C0318E14DBA0048B0F6 /* Images.xcassets */ = {isa = PBXFileReference; lastKnownFileType = folder.assetcatalog; path = Images.xcassets; sourceTree = "<group>"; };
		22249C0918E14DBA0048B0F6 /* Control FunTests.xctest */ = {isa = PBXFileReference; explicitFileType = wrapper.cfbundle; includeInIndex = 0; path = "Control FunTests.xctest"; sourceTree = BUILT_PRODUCTS_DIR; };
		22249C0A18E14DBA0048B0F6 /* XCTest.framework */ = {isa = PBXFileReference; lastKnownFileType = wrapper.framework; name = XCTest.framework; path = Library/Frameworks/XCTest.framework; sourceTree = DEVELOPER_DIR; };
		22249C1218E14DBA0048B0F6 /* Control FunTests-Info.plist */ = {isa = PBXFileReference; lastKnownFileType = text.plist.xml; path = "Control FunTests-Info.plist"; sourceTree = "<group>"; };
		22249C1418E14DBA0048B0F6 /* en */ = {isa = PBXFileReference; lastKnownFileType = text.plist.strings; name = en; path = en.lproj/InfoPlist.strings; sourceTree = "<group>"; };
		22249C1618E14DBA0048B0F6 /* Control_FunTests.m */ = {isa = PBXFileReference; lastKnownFileType = sourcecode.c.objc; path = Control_FunTests.m; sourceTree = "<group>"; };
/* End PBXFileReference section */

/* Begin PBXFrameworksBuildPhase section */
		22249BE218E14DBA0048B0F6 /* Frameworks */ = {
			isa = PBXFrameworksBuildPhase;
			buildActionMask = 2147483647;
			files = (
				22249BEB18E14DBA0048B0F6 /* CoreGraphics.framework in Frameworks */,
				22249BED18E14DBA0048B0F6 /* UIKit.framework in Frameworks */,
				22249BE918E14DBA0048B0F6 /* Foundation.framework in Frameworks */,
			);
			runOnlyForDeploymentPostprocessing = 0;
		};
		22249C0618E14DBA0048B0F6 /* Frameworks */ = {
			isa = PBXFrameworksBuildPhase;
			buildActionMask = 2147483647;
			files = (
				22249C0B18E14DBA0048B0F6 /* XCTest.framework in Frameworks */,
				22249C0D18E14DBA0048B0F6 /* UIKit.framework in Frameworks */,
				22249C0C18E14DBA0048B0F6 /* Foundation.framework in Frameworks */,
			);
			runOnlyForDeploymentPostprocessing = 0;
		};
/* End PBXFrameworksBuildPhase section */

/* Begin PBXGroup section */
		22249BDC18E14DB90048B0F6 = {
			isa = PBXGroup;
			children = (
				22249BEE18E14DBA0048B0F6 /* Control Fun */,
				22249C1018E14DBA0048B0F6 /* Control FunTests */,
				22249BE718E14DBA0048B0F6 /* Frameworks */,
				22249BE618E14DBA0048B0F6 /* Products */,
			);
			sourceTree = "<group>";
		};
		22249BE618E14DBA0048B0F6 /* Products */ = {
			isa = PBXGroup;
			children = (
				22249BE518E14DBA0048B0F6 /* Control Fun.app */,
				22249C0918E14DBA0048B0F6 /* Control FunTests.xctest */,
			);
			name = Products;
			sourceTree = "<group>";
		};
		22249BE718E14DBA0048B0F6 /* Frameworks */ = {
			isa = PBXGroup;
			children = (
				22249BE818E14DBA0048B0F6 /* Foundation.framework */,
				22249BEA18E14DBA0048B0F6 /* CoreGraphics.framework */,
				22249BEC18E14DBA0048B0F6 /* UIKit.framework */,
				22249C0A18E14DBA0048B0F6 /* XCTest.framework */,
			);
			name = Frameworks;
			sourceTree = "<group>";
		};
		22249BEE18E14DBA0048B0F6 /* Control Fun */ = {
			isa = PBXGroup;
			children = (
				22249BF718E14DBA0048B0F6 /* STJMAppDelegate.h */,
				22249BF818E14DBA0048B0F6 /* STJMAppDelegate.m */,
				22249BFA18E14DBA0048B0F6 /* Main_iPhone.storyboard */,
				22249BFD18E14DBA0048B0F6 /* Main_iPad.storyboard */,
				22249C0018E14DBA0048B0F6 /* STJMViewController.h */,
				22249C0118E14DBA0048B0F6 /* STJMViewController.m */,
				22249C0318E14DBA0048B0F6 /* Images.xcassets */,
				22249BEF18E14DBA0048B0F6 /* Supporting Files */,
			);
			path = "Control Fun";
			sourceTree = "<group>";
		};
		22249BEF18E14DBA0048B0F6 /* Supporting Files */ = {
			isa = PBXGroup;
			children = (
				22249BF018E14DBA0048B0F6 /* Control Fun-Info.plist */,
				22249BF118E14DBA0048B0F6 /* InfoPlist.strings */,
				22249BF418E14DBA0048B0F6 /* main.m */,
				22249BF618E14DBA0048B0F6 /* Control Fun-Prefix.pch */,
			);
			name = "Supporting Files";
			sourceTree = "<group>";
		};
		22249C1018E14DBA0048B0F6 /* Control FunTests */ = {
			isa = PBXGroup;
			children = (
				22249C1618E14DBA0048B0F6 /* Control_FunTests.m */,
				22249C1118E14DBA0048B0F6 /* Supporting Files */,
			);
			path = "Control FunTests";
			sourceTree = "<group>";
		};
		22249C1118E14DBA0048B0F6 /* Supporting Files */ = {
			isa = PBXGroup;
			children = (
				22249C1218E14DBA0048B0F6 /* Control FunTests-Info.plist */,
				22249C1318E14DBA0048B0F6 /* InfoPlist.strings */,
			);
			name = "Supporting Files";
			sourceTree = "<group>";
		};
/* End PBXGroup section */

/* Begin PBXNativeTarget section */
		22249BE418E14DBA0048B0F6 /* Control Fun */ = {
			isa = PBXNativeTarget;
			buildConfigurationList = 22249C1A18E14DBA0048B0F6 /* Build configuration list for PBXNativeTarget "Control Fun" */;
			buildPhases = (
				22249BE118E14DBA0048B0F6 /* Sources */,
				22249BE218E14DBA0048B0F6 /* Frameworks */,
				22249BE318E14DBA0048B0F6 /* Resources */,
			);
			buildRules = (
			);
			dependencies = (
			);
			name = "Control Fun";
			productName = "Control Fun";
			productReference = 22249BE518E14DBA0048B0F6 /* Control Fun.app */;
			productType = "com.apple.product-type.application";
		};
		22249C0818E14DBA0048B0F6 /* Control FunTests */ = {
			isa = PBXNativeTarget;
			buildConfigurationList = 22249C1D18E14DBA0048B0F6 /* Build configuration list for PBXNativeTarget "Control FunTests" */;
			buildPhases = (
				22249C0518E14DBA0048B0F6 /* Sources */,
				22249C0618E14DBA0048B0F6 /* Frameworks */,
				22249C0718E14DBA0048B0F6 /* Resources */,
			);
			buildRules = (
			);
			dependencies = (
				22249C0F18E14DBA0048B0F6 /* PBXTargetDependency */,
			);
			name = "Control FunTests";
			productName = "Control FunTests";
			productReference = 22249C0918E14DBA0048B0F6 /* Control FunTests.xctest */;
			productType = "com.apple.product-type.bundle.unit-test";
		};
/* End PBXNativeTarget section */

/* Begin PBXProject section */
		22249BDD18E14DB90048B0F6 /* Project object */ = {
			isa = PBXProject;
			attributes = {
				CLASSPREFIX = STJM;
				LastUpgradeCheck = 0510;
				ORGANIZATIONNAME = "Hu Zhe";
				TargetAttributes = {
					22249C0818E14DBA0048B0F6 = {
						TestTargetID = 22249BE418E14DBA0048B0F6;
					};
				};
			};
			buildConfigurationList = 22249BE018E14DBA0048B0F6 /* Build configuration list for PBXProject "Control Fun" */;
			compatibilityVersion = "Xcode 3.2";
			developmentRegion = English;
			hasScannedForEncodings = 0;
			knownRegions = (
				en,
				Base,
			);
			mainGroup = 22249BDC18E14DB90048B0F6;
			productRefGroup = 22249BE618E14DBA0048B0F6 /* Products */;
			projectDirPath = "";
			projectRoot = "";
			targets = (
				22249BE418E14DBA0048B0F6 /* Control Fun */,
				22249C0818E14DBA0048B0F6 /* Control FunTests */,
			);
		};
/* End PBXProject section */

/* Begin PBXResourcesBuildPhase section */
		22249BE318E14DBA0048B0F6 /* Resources */ = {
			isa = PBXResourcesBuildPhase;
			buildActionMask = 2147483647;
			files = (
				22249BFF18E14DBA0048B0F6 /* Main_iPad.storyboard in Resources */,
				22249C0418E14DBA0048B0F6 /* Images.xcassets in Resources */,
				22249BFC18E14DBA0048B0F6 /* Main_iPhone.storyboard in Resources */,
				22249BF318E14DBA0048B0F6 /* InfoPlist.strings in Resources */,
			);
			runOnlyForDeploymentPostprocessing = 0;
		};
		22249C0718E14DBA0048B0F6 /* Resources */ = {
			isa = PBXResourcesBuildPhase;
			buildActionMask = 2147483647;
			files = (
				22249C1518E14DBA0048B0F6 /* InfoPlist.strings in Resources */,
			);
			runOnlyForDeploymentPostprocessing = 0;
		};
/* End PBXResourcesBuildPhase section */

/* Begin PBXSourcesBuildPhase section */
		22249BE118E14DBA0048B0F6 /* Sources */ = {
			isa = PBXSourcesBuildPhase;
			buildActionMask = 2147483647;
			files = (
				22249C0218E14DBA0048B0F6 /* STJMViewController.m in Sources */,
				22249BF918E14DBA0048B0F6 /* STJMAppDelegate.m in Sources */,
				22249BF518E14DBA0048B0F6 /* main.m in Sources */,
			);
			runOnlyForDeploymentPostprocessing = 0;
		};
		22249C0518E14DBA0048B0F6 /* Sources */ = {
			isa = PBXSourcesBuildPhase;
			buildActionMask = 2147483647;
			files = (
				22249C1718E14DBA0048B0F6 /* Control_FunTests.m in Sources */,
			);
			runOnlyForDeploymentPostprocessing = 0;
		};
/* End PBXSourcesBuildPhase section */

/* Begin PBXTargetDependency section */
		22249C0F18E14DBA0048B0F6 /* PBXTargetDependency */ = {
			isa = PBXTargetDependency;
			target = 22249BE418E14DBA0048B0F6 /* Control Fun */;
			targetProxy = 22249C0E18E14DBA0048B0F6 /* PBXContainerItemProxy */;
		};
/* End PBXTargetDependency section */

/* Begin PBXVariantGroup section */
		22249BF118E14DBA0048B0F6 /* InfoPlist.strings */ = {
			isa = PBXVariantGroup;
			children = (
				22249BF218E14DBA0048B0F6 /* en */,
			);
			name = InfoPlist.strings;
			sourceTree = "<group>";
		};
		22249BFA18E14DBA0048B0F6 /* Main_iPhone.storyboard */ = {
			isa = PBXVariantGroup;
			children = (
				22249BFB18E14DBA0048B0F6 /* Base */,
			);
			name = Main_iPhone.storyboard;
			sourceTree = "<group>";
		};
		22249BFD18E14DBA0048B0F6 /* Main_iPad.storyboard */ = {
			isa = PBXVariantGroup;
			children = (
				22249BFE18E14DBA0048B0F6 /* Base */,
			);
			name = Main_iPad.storyboard;
			sourceTree = "<group>";
		};
		22249C1318E14DBA0048B0F6 /* InfoPlist.strings */ = {
			isa = PBXVariantGroup;
			children = (
				22249C1418E14DBA0048B0F6 /* en */,
			);
			name = InfoPlist.strings;
			sourceTree = "<group>";
		};
/* End PBXVariantGroup section */

/* Begin XCBuildConfiguration section */
		22249C1818E14DBA0048B0F6 /* Debug */ = {
			isa = XCBuildConfiguration;
			buildSettings = {
				ALWAYS_SEARCH_USER_PATHS = NO;
				CLANG_CXX_LANGUAGE_STANDARD = "gnu++0x";
				CLANG_CXX_LIBRARY = "libc++";
				CLANG_ENABLE_MODULES = YES;
				CLANG_ENABLE_OBJC_ARC = YES;
				CLANG_WARN_BOOL_CONVERSION = YES;
				CLANG_WARN_CONSTANT_CONVERSION = YES;
				CLANG_WARN_DIRECT_OBJC_ISA_USAGE = YES_ERROR;
				CLANG_WARN_EMPTY_BODY = YES;
				CLANG_WARN_ENUM_CONVERSION = YES;
				CLANG_WARN_INT_CONVERSION = YES;
				CLANG_WARN_OBJC_ROOT_CLASS = YES_ERROR;
				CLANG_WARN__DUPLICATE_METHOD_MATCH = YES;
				"CODE_SIGN_IDENTITY[sdk=iphoneos*]" = "iPhone Developer";
				COPY_PHASE_STRIP = NO;
				GCC_C_LANGUAGE_STANDARD = gnu99;
				GCC_DYNAMIC_NO_PIC = NO;
				GCC_OPTIMIZATION_LEVEL = 0;
				GCC_PREPROCESSOR_DEFINITIONS = (
					"DEBUG=1",
					"$(inherited)",
				);
				GCC_SYMBOLS_PRIVATE_EXTERN = NO;
				GCC_WARN_64_TO_32_BIT_CONVERSION = YES;
				GCC_WARN_ABOUT_RETURN_TYPE = YES_ERROR;
				GCC_WARN_UNDECLARED_SELECTOR = YES;
				GCC_WARN_UNINITIALIZED_AUTOS = YES_AGGRESSIVE;
				GCC_WARN_UNUSED_FUNCTION = YES;
				GCC_WARN_UNUSED_VARIABLE = YES;
				IPHONEOS_DEPLOYMENT_TARGET = 7.1;
				ONLY_ACTIVE_ARCH = YES;
				SDKROOT = iphoneos;
				TARGETED_DEVICE_FAMILY = "1,2";
			};
			name = Debug;
		};
		22249C1918E14DBA0048B0F6 /* Release */ = {
			isa = XCBuildConfiguration;
			buildSettings = {
				ALWAYS_SEARCH_USER_PATHS = NO;
				CLANG_CXX_LANGUAGE_STANDARD = "gnu++0x";
				CLANG_CXX_LIBRARY = "libc++";
				CLANG_ENABLE_MODULES = YES;
				CLANG_ENABLE_OBJC_ARC = YES;
				CLANG_WARN_BOOL_CONVERSION = YES;
				CLANG_WARN_CONSTANT_CONVERSION = YES;
				CLANG_WARN_DIRECT_OBJC_ISA_USAGE = YES_ERROR;
				CLANG_WARN_EMPTY_BODY = YES;
				CLANG_WARN_ENUM_CONVERSION = YES;
				CLANG_WARN_INT_CONVERSION = YES;
				CLANG_WARN_OBJC_ROOT_CLASS = YES_ERROR;
				CLANG_WARN__DUPLICATE_METHOD_MATCH = YES;
				"CODE_SIGN_IDENTITY[sdk=iphoneos*]" = "iPhone Developer";
				COPY_PHASE_STRIP = YES;
				ENABLE_NS_ASSERTIONS = NO;
				GCC_C_LANGUAGE_STANDARD = gnu99;
				GCC_WARN_64_TO_32_BIT_CONVERSION = YES;
				GCC_WARN_ABOUT_RETURN_TYPE = YES_ERROR;
				GCC_WARN_UNDECLARED_SELECTOR = YES;
				GCC_WARN_UNINITIALIZED_AUTOS = YES_AGGRESSIVE;
				GCC_WARN_UNUSED_FUNCTION = YES;
				GCC_WARN_UNUSED_VARIABLE = YES;
				IPHONEOS_DEPLOYMENT_TARGET = 7.1;
				SDKROOT = iphoneos;
				TARGETED_DEVICE_FAMILY = "1,2";
				VALIDATE_PRODUCT = YES;
			};
			name = Release;
		};
		22249C1B18E14DBA0048B0F6 /* Debug */ = {
			isa = XCBuildConfiguration;
			buildSettings = {
				ASSETCATALOG_COMPILER_APPICON_NAME = AppIcon;
				ASSETCATALOG_COMPILER_LAUNCHIMAGE_NAME = LaunchImage;
				GCC_PRECOMPILE_PREFIX_HEADER = YES;
				GCC_PREFIX_HEADER = "Control Fun/Control Fun-Prefix.pch";
				INFOPLIST_FILE = "Control Fun/Control Fun-Info.plist";
				PRODUCT_NAME = "$(TARGET_NAME)";
				WRAPPER_EXTENSION = app;
			};
			name = Debug;
		};
		22249C1C18E14DBA0048B0F6 /* Release */ = {
			isa = XCBuildConfiguration;
			buildSettings = {
				ASSETCATALOG_COMPILER_APPICON_NAME = AppIcon;
				ASSETCATALOG_COMPILER_LAUNCHIMAGE_NAME = LaunchImage;
				GCC_PRECOMPILE_PREFIX_HEADER = YES;
				GCC_PREFIX_HEADER = "Control Fun/Control Fun-Prefix.pch";
				INFOPLIST_FILE = "Control Fun/Control Fun-Info.plist";
				PRODUCT_NAME = "$(TARGET_NAME)";
				WRAPPER_EXTENSION = app;
			};
			name = Release;
		};
		22249C1E18E14DBA0048B0F6 /* Debug */ = {
			isa = XCBuildConfiguration;
			buildSettings = {
				BUNDLE_LOADER = "$(BUILT_PRODUCTS_DIR)/Control Fun.app/Control Fun";
				FRAMEWORK_SEARCH_PATHS = (
					"$(SDKROOT)/Developer/Library/Frameworks",
					"$(inherited)",
					"$(DEVELOPER_FRAMEWORKS_DIR)",
				);
				GCC_PRECOMPILE_PREFIX_HEADER = YES;
				GCC_PREFIX_HEADER = "Control Fun/Control Fun-Prefix.pch";
				GCC_PREPROCESSOR_DEFINITIONS = (
					"DEBUG=1",
					"$(inherited)",
				);
				INFOPLIST_FILE = "Control FunTests/Control FunTests-Info.plist";
				PRODUCT_NAME = "$(TARGET_NAME)";
				TEST_HOST = "$(BUNDLE_LOADER)";
				WRAPPER_EXTENSION = xctest;
			};
			name = Debug;
		};
		22249C1F18E14DBA0048B0F6 /* Release */ = {
			isa = XCBuildConfiguration;
			buildSettings = {
				BUNDLE_LOADER = "$(BUILT_PRODUCTS_DIR)/Control Fun.app/Control Fun";
				FRAMEWORK_SEARCH_PATHS = (
					"$(SDKROOT)/Developer/Library/Frameworks",
					"$(inherited)",
					"$(DEVELOPER_FRAMEWORKS_DIR)",
				);
				GCC_PRECOMPILE_PREFIX_HEADER = YES;
				GCC_PREFIX_HEADER = "Control Fun/Control Fun-Prefix.pch";
				INFOPLIST_FILE = "Control FunTests/Control FunTests-Info.plist";
				PRODUCT_NAME = "$(TARGET_NAME)";
				TEST_HOST = "$(BUNDLE_LOADER)";
				WRAPPER_EXTENSION = xctest;
			};
			name = Release;
		};
/* End XCBuildConfiguration section */

/* Begin XCConfigurationList section */
		22249BE018E14DBA0048B0F6 /* Build configuration list for PBXProject "Control Fun" */ = {
			isa = XCConfigurationList;
			buildConfigurations = (
				22249C1818E14DBA0048B0F6 /* Debug */,
				22249C1918E14DBA0048B0F6 /* Release */,
			);
			defaultConfigurationIsVisible = 0;
			defaultConfigurationName = Release;
		};
		22249C1A18E14DBA0048B0F6 /* Build configuration list for PBXNativeTarget "Control Fun" */ = {
			isa = XCConfigurationList;
			buildConfigurations = (
				22249C1B18E14DBA0048B0F6 /* Debug */,
				22249C1C18E14DBA0048B0F6 /* Release */,
			);
			defaultConfigurationIsVisible = 0;
		};
		22249C1D18E14DBA0048B0F6 /* Build configuration list for PBXNativeTarget "Control FunTests" */ = {
			isa = XCConfigurationList;
			buildConfigurations = (
				22249C1E18E14DBA0048B0F6 /* Debug */,
				22249C1F18E14DBA0048B0F6 /* Release */,
			);
			defaultConfigurationIsVisible = 0;
		};
/* End XCConfigurationList section */
	};
	rootObject = 22249BDD18E14DB90048B0F6 /* Project object */;
}
