// !$*UTF8*$!
{
	archiveVersion = 1;
	classes = {
	};
	objectVersion = 46;
	objects = {

/* Begin PBXBuildFile section */
		22239C7618F6A22E005F27F1 /* Foundation.framework in Frameworks */ = {isa = PBXBuildFile; fileRef = 22239C7518F6A22E005F27F1 /* Foundation.framework */; };
		22239C7818F6A22E005F27F1 /* CoreGraphics.framework in Frameworks */ = {isa = PBXBuildFile; fileRef = 22239C7718F6A22E005F27F1 /* CoreGraphics.framework */; };
		22239C7A18F6A22E005F27F1 /* UIKit.framework in Frameworks */ = {isa = PBXBuildFile; fileRef = 22239C7918F6A22E005F27F1 /* UIKit.framework */; };
		22239C8018F6A22E005F27F1 /* InfoPlist.strings in Resources */ = {isa = PBXBuildFile; fileRef = 22239C7E18F6A22E005F27F1 /* InfoPlist.strings */; };
		22239C8218F6A22E005F27F1 /* main.m in Sources */ = {isa = PBXBuildFile; fileRef = 22239C8118F6A22E005F27F1 /* main.m */; };
		22239C8618F6A22E005F27F1 /* STJMAppDelegate.m in Sources */ = {isa = PBXBuildFile; fileRef = 22239C8518F6A22E005F27F1 /* STJMAppDelegate.m */; };
		22239C8818F6A22E005F27F1 /* Images.xcassets in Resources */ = {isa = PBXBuildFile; fileRef = 22239C8718F6A22E005F27F1 /* Images.xcassets */; };
		22239C8F18F6A22E005F27F1 /* XCTest.framework in Frameworks */ = {isa = PBXBuildFile; fileRef = 22239C8E18F6A22E005F27F1 /* XCTest.framework */; };
		22239C9018F6A22E005F27F1 /* Foundation.framework in Frameworks */ = {isa = PBXBuildFile; fileRef = 22239C7518F6A22E005F27F1 /* Foundation.framework */; };
		22239C9118F6A22E005F27F1 /* UIKit.framework in Frameworks */ = {isa = PBXBuildFile; fileRef = 22239C7918F6A22E005F27F1 /* UIKit.framework */; };
		22239C9918F6A22E005F27F1 /* InfoPlist.strings in Resources */ = {isa = PBXBuildFile; fileRef = 22239C9718F6A22E005F27F1 /* InfoPlist.strings */; };
		22239C9B18F6A22E005F27F1 /* Seg_NavTests.m in Sources */ = {isa = PBXBuildFile; fileRef = 22239C9A18F6A22E005F27F1 /* Seg_NavTests.m */; };
		22239CA518F6A283005F27F1 /* MainStoryboard.storyboard in Resources */ = {isa = PBXBuildFile; fileRef = 22239CA418F6A283005F27F1 /* MainStoryboard.storyboard */; };
		22239CA818F6B292005F27F1 /* STJMTaskListController.m in Sources */ = {isa = PBXBuildFile; fileRef = 22239CA718F6B292005F27F1 /* STJMTaskListController.m */; };
		22239CAB18F6B2DB005F27F1 /* STJMTaskDetailController.m in Sources */ = {isa = PBXBuildFile; fileRef = 22239CAA18F6B2DB005F27F1 /* STJMTaskDetailController.m */; };
/* End PBXBuildFile section */

/* Begin PBXContainerItemProxy section */
		22239C9218F6A22E005F27F1 /* PBXContainerItemProxy */ = {
			isa = PBXContainerItemProxy;
			containerPortal = 22239C6A18F6A22E005F27F1 /* Project object */;
			proxyType = 1;
			remoteGlobalIDString = 22239C7118F6A22E005F27F1;
			remoteInfo = "Seg Nav";
		};
/* End PBXContainerItemProxy section */

/* Begin PBXFileReference section */
		22239C7218F6A22E005F27F1 /* Seg Nav.app */ = {isa = PBXFileReference; explicitFileType = wrapper.application; includeInIndex = 0; path = "Seg Nav.app"; sourceTree = BUILT_PRODUCTS_DIR; };
		22239C7518F6A22E005F27F1 /* Foundation.framework */ = {isa = PBXFileReference; lastKnownFileType = wrapper.framework; name = Foundation.framework; path = System/Library/Frameworks/Foundation.framework; sourceTree = SDKROOT; };
		22239C7718F6A22E005F27F1 /* CoreGraphics.framework */ = {isa = PBXFileReference; lastKnownFileType = wrapper.framework; name = CoreGraphics.framework; path = System/Library/Frameworks/CoreGraphics.framework; sourceTree = SDKROOT; };
		22239C7918F6A22E005F27F1 /* UIKit.framework */ = {isa = PBXFileReference; lastKnownFileType = wrapper.framework; name = UIKit.framework; path = System/Library/Frameworks/UIKit.framework; sourceTree = SDKROOT; };
		22239C7D18F6A22E005F27F1 /* Seg Nav-Info.plist */ = {isa = PBXFileReference; lastKnownFileType = text.plist.xml; path = "Seg Nav-Info.plist"; sourceTree = "<group>"; };
		22239C7F18F6A22E005F27F1 /* en */ = {isa = PBXFileReference; lastKnownFileType = text.plist.strings; name = en; path = en.lproj/InfoPlist.strings; sourceTree = "<group>"; };
		22239C8118F6A22E005F27F1 /* main.m */ = {isa = PBXFileReference; lastKnownFileType = sourcecode.c.objc; path = main.m; sourceTree = "<group>"; };
		22239C8318F6A22E005F27F1 /* Seg Nav-Prefix.pch */ = {isa = PBXFileReference; lastKnownFileType = sourcecode.c.h; path = "Seg Nav-Prefix.pch"; sourceTree = "<group>"; };
		22239C8418F6A22E005F27F1 /* STJMAppDelegate.h */ = {isa = PBXFileReference; lastKnownFileType = sourcecode.c.h; path = STJMAppDelegate.h; sourceTree = "<group>"; };
		22239C8518F6A22E005F27F1 /* STJMAppDelegate.m */ = {isa = PBXFileReference; lastKnownFileType = sourcecode.c.objc; path = STJMAppDelegate.m; sourceTree = "<group>"; };
		22239C8718F6A22E005F27F1 /* Images.xcassets */ = {isa = PBXFileReference; lastKnownFileType = folder.assetcatalog; path = Images.xcassets; sourceTree = "<group>"; };
		22239C8D18F6A22E005F27F1 /* Seg NavTests.xctest */ = {isa = PBXFileReference; explicitFileType = wrapper.cfbundle; includeInIndex = 0; path = "Seg NavTests.xctest"; sourceTree = BUILT_PRODUCTS_DIR; };
		22239C8E18F6A22E005F27F1 /* XCTest.framework */ = {isa = PBXFileReference; lastKnownFileType = wrapper.framework; name = XCTest.framework; path = Library/Frameworks/XCTest.framework; sourceTree = DEVELOPER_DIR; };
		22239C9618F6A22E005F27F1 /* Seg NavTests-Info.plist */ = {isa = PBXFileReference; lastKnownFileType = text.plist.xml; path = "Seg NavTests-Info.plist"; sourceTree = "<group>"; };
		22239C9818F6A22E005F27F1 /* en */ = {isa = PBXFileReference; lastKnownFileType = text.plist.strings; name = en; path = en.lproj/InfoPlist.strings; sourceTree = "<group>"; };
		22239C9A18F6A22E005F27F1 /* Seg_NavTests.m */ = {isa = PBXFileReference; lastKnownFileType = sourcecode.c.objc; path = Seg_NavTests.m; sourceTree = "<group>"; };
		22239CA418F6A283005F27F1 /* MainStoryboard.storyboard */ = {isa = PBXFileReference; fileEncoding = 4; lastKnownFileType = file.storyboard; path = MainStoryboard.storyboard; sourceTree = "<group>"; };
		22239CA618F6B292005F27F1 /* STJMTaskListController.h */ = {isa = PBXFileReference; fileEncoding = 4; lastKnownFileType = sourcecode.c.h; path = STJMTaskListController.h; sourceTree = "<group>"; };
		22239CA718F6B292005F27F1 /* STJMTaskListController.m */ = {isa = PBXFileReference; fileEncoding = 4; lastKnownFileType = sourcecode.c.objc; path = STJMTaskListController.m; sourceTree = "<group>"; };
		22239CA918F6B2DB005F27F1 /* STJMTaskDetailController.h */ = {isa = PBXFileReference; fileEncoding = 4; lastKnownFileType = sourcecode.c.h; path = STJMTaskDetailController.h; sourceTree = "<group>"; };
		22239CAA18F6B2DB005F27F1 /* STJMTaskDetailController.m */ = {isa = PBXFileReference; fileEncoding = 4; lastKnownFileType = sourcecode.c.objc; path = STJMTaskDetailController.m; sourceTree = "<group>"; };
/* End PBXFileReference section */

/* Begin PBXFrameworksBuildPhase section */
		22239C6F18F6A22E005F27F1 /* Frameworks */ = {
			isa = PBXFrameworksBuildPhase;
			buildActionMask = 2147483647;
			files = (
				22239C7818F6A22E005F27F1 /* CoreGraphics.framework in Frameworks */,
				22239C7A18F6A22E005F27F1 /* UIKit.framework in Frameworks */,
				22239C7618F6A22E005F27F1 /* Foundation.framework in Frameworks */,
			);
			runOnlyForDeploymentPostprocessing = 0;
		};
		22239C8A18F6A22E005F27F1 /* Frameworks */ = {
			isa = PBXFrameworksBuildPhase;
			buildActionMask = 2147483647;
			files = (
				22239C8F18F6A22E005F27F1 /* XCTest.framework in Frameworks */,
				22239C9118F6A22E005F27F1 /* UIKit.framework in Frameworks */,
				22239C9018F6A22E005F27F1 /* Foundation.framework in Frameworks */,
			);
			runOnlyForDeploymentPostprocessing = 0;
		};
/* End PBXFrameworksBuildPhase section */

/* Begin PBXGroup section */
		22239C6918F6A22D005F27F1 = {
			isa = PBXGroup;
			children = (
				22239C7B18F6A22E005F27F1 /* Seg Nav */,
				22239C9418F6A22E005F27F1 /* Seg NavTests */,
				22239C7418F6A22E005F27F1 /* Frameworks */,
				22239C7318F6A22E005F27F1 /* Products */,
			);
			sourceTree = "<group>";
		};
		22239C7318F6A22E005F27F1 /* Products */ = {
			isa = PBXGroup;
			children = (
				22239C7218F6A22E005F27F1 /* Seg Nav.app */,
				22239C8D18F6A22E005F27F1 /* Seg NavTests.xctest */,
			);
			name = Products;
			sourceTree = "<group>";
		};
		22239C7418F6A22E005F27F1 /* Frameworks */ = {
			isa = PBXGroup;
			children = (
				22239C7518F6A22E005F27F1 /* Foundation.framework */,
				22239C7718F6A22E005F27F1 /* CoreGraphics.framework */,
				22239C7918F6A22E005F27F1 /* UIKit.framework */,
				22239C8E18F6A22E005F27F1 /* XCTest.framework */,
			);
			name = Frameworks;
			sourceTree = "<group>";
		};
		22239C7B18F6A22E005F27F1 /* Seg Nav */ = {
			isa = PBXGroup;
			children = (
				22239CA618F6B292005F27F1 /* STJMTaskListController.h */,
				22239CA718F6B292005F27F1 /* STJMTaskListController.m */,
				22239C8418F6A22E005F27F1 /* STJMAppDelegate.h */,
				22239C8518F6A22E005F27F1 /* STJMAppDelegate.m */,
				22239C8718F6A22E005F27F1 /* Images.xcassets */,
				22239C7C18F6A22E005F27F1 /* Supporting Files */,
				22239CA418F6A283005F27F1 /* MainStoryboard.storyboard */,
				22239CA918F6B2DB005F27F1 /* STJMTaskDetailController.h */,
				22239CAA18F6B2DB005F27F1 /* STJMTaskDetailController.m */,
			);
			path = "Seg Nav";
			sourceTree = "<group>";
		};
		22239C7C18F6A22E005F27F1 /* Supporting Files */ = {
			isa = PBXGroup;
			children = (
				22239C7D18F6A22E005F27F1 /* Seg Nav-Info.plist */,
				22239C7E18F6A22E005F27F1 /* InfoPlist.strings */,
				22239C8118F6A22E005F27F1 /* main.m */,
				22239C8318F6A22E005F27F1 /* Seg Nav-Prefix.pch */,
			);
			name = "Supporting Files";
			sourceTree = "<group>";
		};
		22239C9418F6A22E005F27F1 /* Seg NavTests */ = {
			isa = PBXGroup;
			children = (
				22239C9A18F6A22E005F27F1 /* Seg_NavTests.m */,
				22239C9518F6A22E005F27F1 /* Supporting Files */,
			);
			path = "Seg NavTests";
			sourceTree = "<group>";
		};
		22239C9518F6A22E005F27F1 /* Supporting Files */ = {
			isa = PBXGroup;
			children = (
				22239C9618F6A22E005F27F1 /* Seg NavTests-Info.plist */,
				22239C9718F6A22E005F27F1 /* InfoPlist.strings */,
			);
			name = "Supporting Files";
			sourceTree = "<group>";
		};
/* End PBXGroup section */

/* Begin PBXNativeTarget section */
		22239C7118F6A22E005F27F1 /* Seg Nav */ = {
			isa = PBXNativeTarget;
			buildConfigurationList = 22239C9E18F6A22E005F27F1 /* Build configuration list for PBXNativeTarget "Seg Nav" */;
			buildPhases = (
				22239C6E18F6A22E005F27F1 /* Sources */,
				22239C6F18F6A22E005F27F1 /* Frameworks */,
				22239C7018F6A22E005F27F1 /* Resources */,
			);
			buildRules = (
			);
			dependencies = (
			);
			name = "Seg Nav";
			productName = "Seg Nav";
			productReference = 22239C7218F6A22E005F27F1 /* Seg Nav.app */;
			productType = "com.apple.product-type.application";
		};
		22239C8C18F6A22E005F27F1 /* Seg NavTests */ = {
			isa = PBXNativeTarget;
			buildConfigurationList = 22239CA118F6A22E005F27F1 /* Build configuration list for PBXNativeTarget "Seg NavTests" */;
			buildPhases = (
				22239C8918F6A22E005F27F1 /* Sources */,
				22239C8A18F6A22E005F27F1 /* Frameworks */,
				22239C8B18F6A22E005F27F1 /* Resources */,
			);
			buildRules = (
			);
			dependencies = (
				22239C9318F6A22E005F27F1 /* PBXTargetDependency */,
			);
			name = "Seg NavTests";
			productName = "Seg NavTests";
			productReference = 22239C8D18F6A22E005F27F1 /* Seg NavTests.xctest */;
			productType = "com.apple.product-type.bundle.unit-test";
		};
/* End PBXNativeTarget section */

/* Begin PBXProject section */
		22239C6A18F6A22E005F27F1 /* Project object */ = {
			isa = PBXProject;
			attributes = {
				CLASSPREFIX = STJM;
				LastUpgradeCheck = 0510;
				ORGANIZATIONNAME = "Hu Zhe";
				TargetAttributes = {
					22239C8C18F6A22E005F27F1 = {
						TestTargetID = 22239C7118F6A22E005F27F1;
					};
				};
			};
			buildConfigurationList = 22239C6D18F6A22E005F27F1 /* Build configuration list for PBXProject "Seg Nav" */;
			compatibilityVersion = "Xcode 3.2";
			developmentRegion = English;
			hasScannedForEncodings = 0;
			knownRegions = (
				en,
			);
			mainGroup = 22239C6918F6A22D005F27F1;
			productRefGroup = 22239C7318F6A22E005F27F1 /* Products */;
			projectDirPath = "";
			projectRoot = "";
			targets = (
				22239C7118F6A22E005F27F1 /* Seg Nav */,
				22239C8C18F6A22E005F27F1 /* Seg NavTests */,
			);
		};
/* End PBXProject section */

/* Begin PBXResourcesBuildPhase section */
		22239C7018F6A22E005F27F1 /* Resources */ = {
			isa = PBXResourcesBuildPhase;
			buildActionMask = 2147483647;
			files = (
				22239CA518F6A283005F27F1 /* MainStoryboard.storyboard in Resources */,
				22239C8018F6A22E005F27F1 /* InfoPlist.strings in Resources */,
				22239C8818F6A22E005F27F1 /* Images.xcassets in Resources */,
			);
			runOnlyForDeploymentPostprocessing = 0;
		};
		22239C8B18F6A22E005F27F1 /* Resources */ = {
			isa = PBXResourcesBuildPhase;
			buildActionMask = 2147483647;
			files = (
				22239C9918F6A22E005F27F1 /* InfoPlist.strings in Resources */,
			);
			runOnlyForDeploymentPostprocessing = 0;
		};
/* End PBXResourcesBuildPhase section */

/* Begin PBXSourcesBuildPhase section */
		22239C6E18F6A22E005F27F1 /* Sources */ = {
			isa = PBXSourcesBuildPhase;
			buildActionMask = 2147483647;
			files = (
				22239C8618F6A22E005F27F1 /* STJMAppDelegate.m in Sources */,
				22239CAB18F6B2DB005F27F1 /* STJMTaskDetailController.m in Sources */,
				22239CA818F6B292005F27F1 /* STJMTaskListController.m in Sources */,
				22239C8218F6A22E005F27F1 /* main.m in Sources */,
			);
			runOnlyForDeploymentPostprocessing = 0;
		};
		22239C8918F6A22E005F27F1 /* Sources */ = {
			isa = PBXSourcesBuildPhase;
			buildActionMask = 2147483647;
			files = (
				22239C9B18F6A22E005F27F1 /* Seg_NavTests.m in Sources */,
			);
			runOnlyForDeploymentPostprocessing = 0;
		};
/* End PBXSourcesBuildPhase section */

/* Begin PBXTargetDependency section */
		22239C9318F6A22E005F27F1 /* PBXTargetDependency */ = {
			isa = PBXTargetDependency;
			target = 22239C7118F6A22E005F27F1 /* Seg Nav */;
			targetProxy = 22239C9218F6A22E005F27F1 /* PBXContainerItemProxy */;
		};
/* End PBXTargetDependency section */

/* Begin PBXVariantGroup section */
		22239C7E18F6A22E005F27F1 /* InfoPlist.strings */ = {
			isa = PBXVariantGroup;
			children = (
				22239C7F18F6A22E005F27F1 /* en */,
			);
			name = InfoPlist.strings;
			sourceTree = "<group>";
		};
		22239C9718F6A22E005F27F1 /* InfoPlist.strings */ = {
			isa = PBXVariantGroup;
			children = (
				22239C9818F6A22E005F27F1 /* en */,
			);
			name = InfoPlist.strings;
			sourceTree = "<group>";
		};
/* End PBXVariantGroup section */

/* Begin XCBuildConfiguration section */
		22239C9C18F6A22E005F27F1 /* Debug */ = {
			isa = XCBuildConfiguration;
			buildSettings = {
				ALWAYS_SEARCH_USER_PATHS = NO;
				CLANG_CXX_LANGUAGE_STANDARD = "gnu++0x";
				CLANG_CXX_LIBRARY = "libc++";
				CLANG_ENABLE_MODULES = YES;
				CLANG_ENABLE_OBJC_ARC = YES;
				CLANG_WARN_BOOL_CONVERSION = YES;
				CLANG_WARN_CONSTANT_CONVERSION = YES;
				CLANG_WARN_DIRECT_OBJC_ISA_USAGE = YES_ERROR;
				CLANG_WARN_EMPTY_BODY = YES;
				CLANG_WARN_ENUM_CONVERSION = YES;
				CLANG_WARN_INT_CONVERSION = YES;
				CLANG_WARN_OBJC_ROOT_CLASS = YES_ERROR;
				CLANG_WARN__DUPLICATE_METHOD_MATCH = YES;
				"CODE_SIGN_IDENTITY[sdk=iphoneos*]" = "iPhone Developer";
				COPY_PHASE_STRIP = NO;
				GCC_C_LANGUAGE_STANDARD = gnu99;
				GCC_DYNAMIC_NO_PIC = NO;
				GCC_OPTIMIZATION_LEVEL = 0;
				GCC_PREPROCESSOR_DEFINITIONS = (
					"DEBUG=1",
					"$(inherited)",
				);
				GCC_SYMBOLS_PRIVATE_EXTERN = NO;
				GCC_WARN_64_TO_32_BIT_CONVERSION = YES;
				GCC_WARN_ABOUT_RETURN_TYPE = YES_ERROR;
				GCC_WARN_UNDECLARED_SELECTOR = YES;
				GCC_WARN_UNINITIALIZED_AUTOS = YES_AGGRESSIVE;
				GCC_WARN_UNUSED_FUNCTION = YES;
				GCC_WARN_UNUSED_VARIABLE = YES;
				IPHONEOS_DEPLOYMENT_TARGET = 7.1;
				ONLY_ACTIVE_ARCH = YES;
				SDKROOT = iphoneos;
			};
			name = Debug;
		};
		22239C9D18F6A22E005F27F1 /* Release */ = {
			isa = XCBuildConfiguration;
			buildSettings = {
				ALWAYS_SEARCH_USER_PATHS = NO;
				CLANG_CXX_LANGUAGE_STANDARD = "gnu++0x";
				CLANG_CXX_LIBRARY = "libc++";
				CLANG_ENABLE_MODULES = YES;
				CLANG_ENABLE_OBJC_ARC = YES;
				CLANG_WARN_BOOL_CONVERSION = YES;
				CLANG_WARN_CONSTANT_CONVERSION = YES;
				CLANG_WARN_DIRECT_OBJC_ISA_USAGE = YES_ERROR;
				CLANG_WARN_EMPTY_BODY = YES;
				CLANG_WARN_ENUM_CONVERSION = YES;
				CLANG_WARN_INT_CONVERSION = YES;
				CLANG_WARN_OBJC_ROOT_CLASS = YES_ERROR;
				CLANG_WARN__DUPLICATE_METHOD_MATCH = YES;
				"CODE_SIGN_IDENTITY[sdk=iphoneos*]" = "iPhone Developer";
				COPY_PHASE_STRIP = YES;
				ENABLE_NS_ASSERTIONS = NO;
				GCC_C_LANGUAGE_STANDARD = gnu99;
				GCC_WARN_64_TO_32_BIT_CONVERSION = YES;
				GCC_WARN_ABOUT_RETURN_TYPE = YES_ERROR;
				GCC_WARN_UNDECLARED_SELECTOR = YES;
				GCC_WARN_UNINITIALIZED_AUTOS = YES_AGGRESSIVE;
				GCC_WARN_UNUSED_FUNCTION = YES;
				GCC_WARN_UNUSED_VARIABLE = YES;
				IPHONEOS_DEPLOYMENT_TARGET = 7.1;
				SDKROOT = iphoneos;
				VALIDATE_PRODUCT = YES;
			};
			name = Release;
		};
		22239C9F18F6A22E005F27F1 /* Debug */ = {
			isa = XCBuildConfiguration;
			buildSettings = {
				ASSETCATALOG_COMPILER_APPICON_NAME = AppIcon;
				ASSETCATALOG_COMPILER_LAUNCHIMAGE_NAME = LaunchImage;
				GCC_PRECOMPILE_PREFIX_HEADER = YES;
				GCC_PREFIX_HEADER = "Seg Nav/Seg Nav-Prefix.pch";
				INFOPLIST_FILE = "Seg Nav/Seg Nav-Info.plist";
				PRODUCT_NAME = "$(TARGET_NAME)";
				WRAPPER_EXTENSION = app;
			};
			name = Debug;
		};
		22239CA018F6A22E005F27F1 /* Release */ = {
			isa = XCBuildConfiguration;
			buildSettings = {
				ASSETCATALOG_COMPILER_APPICON_NAME = AppIcon;
				ASSETCATALOG_COMPILER_LAUNCHIMAGE_NAME = LaunchImage;
				GCC_PRECOMPILE_PREFIX_HEADER = YES;
				GCC_PREFIX_HEADER = "Seg Nav/Seg Nav-Prefix.pch";
				INFOPLIST_FILE = "Seg Nav/Seg Nav-Info.plist";
				PRODUCT_NAME = "$(TARGET_NAME)";
				WRAPPER_EXTENSION = app;
			};
			name = Release;
		};
		22239CA218F6A22E005F27F1 /* Debug */ = {
			isa = XCBuildConfiguration;
			buildSettings = {
				BUNDLE_LOADER = "$(BUILT_PRODUCTS_DIR)/Seg Nav.app/Seg Nav";
				FRAMEWORK_SEARCH_PATHS = (
					"$(SDKROOT)/Developer/Library/Frameworks",
					"$(inherited)",
					"$(DEVELOPER_FRAMEWORKS_DIR)",
				);
				GCC_PRECOMPILE_PREFIX_HEADER = YES;
				GCC_PREFIX_HEADER = "Seg Nav/Seg Nav-Prefix.pch";
				GCC_PREPROCESSOR_DEFINITIONS = (
					"DEBUG=1",
					"$(inherited)",
				);
				INFOPLIST_FILE = "Seg NavTests/Seg NavTests-Info.plist";
				PRODUCT_NAME = "$(TARGET_NAME)";
				TEST_HOST = "$(BUNDLE_LOADER)";
				WRAPPER_EXTENSION = xctest;
			};
			name = Debug;
		};
		22239CA318F6A22E005F27F1 /* Release */ = {
			isa = XCBuildConfiguration;
			buildSettings = {
				BUNDLE_LOADER = "$(BUILT_PRODUCTS_DIR)/Seg Nav.app/Seg Nav";
				FRAMEWORK_SEARCH_PATHS = (
					"$(SDKROOT)/Developer/Library/Frameworks",
					"$(inherited)",
					"$(DEVELOPER_FRAMEWORKS_DIR)",
				);
				GCC_PRECOMPILE_PREFIX_HEADER = YES;
				GCC_PREFIX_HEADER = "Seg Nav/Seg Nav-Prefix.pch";
				INFOPLIST_FILE = "Seg NavTests/Seg NavTests-Info.plist";
				PRODUCT_NAME = "$(TARGET_NAME)";
				TEST_HOST = "$(BUNDLE_LOADER)";
				WRAPPER_EXTENSION = xctest;
			};
			name = Release;
		};
/* End XCBuildConfiguration section */

/* Begin XCConfigurationList section */
		22239C6D18F6A22E005F27F1 /* Build configuration list for PBXProject "Seg Nav" */ = {
			isa = XCConfigurationList;
			buildConfigurations = (
				22239C9C18F6A22E005F27F1 /* Debug */,
				22239C9D18F6A22E005F27F1 /* Release */,
			);
			defaultConfigurationIsVisible = 0;
			defaultConfigurationName = Release;
		};
		22239C9E18F6A22E005F27F1 /* Build configuration list for PBXNativeTarget "Seg Nav" */ = {
			isa = XCConfigurationList;
			buildConfigurations = (
				22239C9F18F6A22E005F27F1 /* Debug */,
				22239CA018F6A22E005F27F1 /* Release */,
			);
			defaultConfigurationIsVisible = 0;
		};
		22239CA118F6A22E005F27F1 /* Build configuration list for PBXNativeTarget "Seg NavTests" */ = {
			isa = XCConfigurationList;
			buildConfigurations = (
				22239CA218F6A22E005F27F1 /* Debug */,
				22239CA318F6A22E005F27F1 /* Release */,
			);
			defaultConfigurationIsVisible = 0;
		};
/* End XCConfigurationList section */
	};
	rootObject = 22239C6A18F6A22E005F27F1 /* Project object */;
}
