// !$*UTF8*$!
{
	archiveVersion = 1;
	classes = {
	};
	objectVersion = 46;
	objects = {

/* Begin PBXBuildFile section */
		22F10A5818E416DD00F28B6B /* Foundation.framework in Frameworks */ = {isa = PBXBuildFile; fileRef = 22F10A5718E416DD00F28B6B /* Foundation.framework */; };
		22F10A5A18E416DD00F28B6B /* CoreGraphics.framework in Frameworks */ = {isa = PBXBuildFile; fileRef = 22F10A5918E416DD00F28B6B /* CoreGraphics.framework */; };
		22F10A5C18E416DD00F28B6B /* UIKit.framework in Frameworks */ = {isa = PBXBuildFile; fileRef = 22F10A5B18E416DD00F28B6B /* UIKit.framework */; };
		22F10A6218E416DD00F28B6B /* InfoPlist.strings in Resources */ = {isa = PBXBuildFile; fileRef = 22F10A6018E416DD00F28B6B /* InfoPlist.strings */; };
		22F10A6418E416DE00F28B6B /* main.m in Sources */ = {isa = PBXBuildFile; fileRef = 22F10A6318E416DE00F28B6B /* main.m */; };
		22F10A6818E416DE00F28B6B /* STJMAppDelegate.m in Sources */ = {isa = PBXBuildFile; fileRef = 22F10A6718E416DE00F28B6B /* STJMAppDelegate.m */; };
		22F10A6A18E416DE00F28B6B /* Images.xcassets in Resources */ = {isa = PBXBuildFile; fileRef = 22F10A6918E416DE00F28B6B /* Images.xcassets */; };
		22F10A7118E416DE00F28B6B /* XCTest.framework in Frameworks */ = {isa = PBXBuildFile; fileRef = 22F10A7018E416DE00F28B6B /* XCTest.framework */; };
		22F10A7218E416DE00F28B6B /* Foundation.framework in Frameworks */ = {isa = PBXBuildFile; fileRef = 22F10A5718E416DD00F28B6B /* Foundation.framework */; };
		22F10A7318E416DE00F28B6B /* UIKit.framework in Frameworks */ = {isa = PBXBuildFile; fileRef = 22F10A5B18E416DD00F28B6B /* UIKit.framework */; };
		22F10A7B18E416DE00F28B6B /* InfoPlist.strings in Resources */ = {isa = PBXBuildFile; fileRef = 22F10A7918E416DE00F28B6B /* InfoPlist.strings */; };
		22F10A7D18E416DE00F28B6B /* PickersTests.m in Sources */ = {isa = PBXBuildFile; fileRef = 22F10A7C18E416DE00F28B6B /* PickersTests.m */; };
/* End PBXBuildFile section */

/* Begin PBXContainerItemProxy section */
		22F10A7418E416DE00F28B6B /* PBXContainerItemProxy */ = {
			isa = PBXContainerItemProxy;
			containerPortal = 22F10A4C18E416DD00F28B6B /* Project object */;
			proxyType = 1;
			remoteGlobalIDString = 22F10A5318E416DD00F28B6B;
			remoteInfo = Pickers;
		};
/* End PBXContainerItemProxy section */

/* Begin PBXFileReference section */
		22F10A5418E416DD00F28B6B /* Pickers.app */ = {isa = PBXFileReference; explicitFileType = wrapper.application; includeInIndex = 0; path = Pickers.app; sourceTree = BUILT_PRODUCTS_DIR; };
		22F10A5718E416DD00F28B6B /* Foundation.framework */ = {isa = PBXFileReference; lastKnownFileType = wrapper.framework; name = Foundation.framework; path = System/Library/Frameworks/Foundation.framework; sourceTree = SDKROOT; };
		22F10A5918E416DD00F28B6B /* CoreGraphics.framework */ = {isa = PBXFileReference; lastKnownFileType = wrapper.framework; name = CoreGraphics.framework; path = System/Library/Frameworks/CoreGraphics.framework; sourceTree = SDKROOT; };
		22F10A5B18E416DD00F28B6B /* UIKit.framework */ = {isa = PBXFileReference; lastKnownFileType = wrapper.framework; name = UIKit.framework; path = System/Library/Frameworks/UIKit.framework; sourceTree = SDKROOT; };
		22F10A5F18E416DD00F28B6B /* Pickers-Info.plist */ = {isa = PBXFileReference; lastKnownFileType = text.plist.xml; path = "Pickers-Info.plist"; sourceTree = "<group>"; };
		22F10A6118E416DD00F28B6B /* en */ = {isa = PBXFileReference; lastKnownFileType = text.plist.strings; name = en; path = en.lproj/InfoPlist.strings; sourceTree = "<group>"; };
		22F10A6318E416DE00F28B6B /* main.m */ = {isa = PBXFileReference; lastKnownFileType = sourcecode.c.objc; path = main.m; sourceTree = "<group>"; };
		22F10A6518E416DE00F28B6B /* Pickers-Prefix.pch */ = {isa = PBXFileReference; lastKnownFileType = sourcecode.c.h; path = "Pickers-Prefix.pch"; sourceTree = "<group>"; };
		22F10A6618E416DE00F28B6B /* STJMAppDelegate.h */ = {isa = PBXFileReference; lastKnownFileType = sourcecode.c.h; path = STJMAppDelegate.h; sourceTree = "<group>"; };
		22F10A6718E416DE00F28B6B /* STJMAppDelegate.m */ = {isa = PBXFileReference; lastKnownFileType = sourcecode.c.objc; path = STJMAppDelegate.m; sourceTree = "<group>"; };
		22F10A6918E416DE00F28B6B /* Images.xcassets */ = {isa = PBXFileReference; lastKnownFileType = folder.assetcatalog; path = Images.xcassets; sourceTree = "<group>"; };
		22F10A6F18E416DE00F28B6B /* PickersTests.xctest */ = {isa = PBXFileReference; explicitFileType = wrapper.cfbundle; includeInIndex = 0; path = PickersTests.xctest; sourceTree = BUILT_PRODUCTS_DIR; };
		22F10A7018E416DE00F28B6B /* XCTest.framework */ = {isa = PBXFileReference; lastKnownFileType = wrapper.framework; name = XCTest.framework; path = Library/Frameworks/XCTest.framework; sourceTree = DEVELOPER_DIR; };
		22F10A7818E416DE00F28B6B /* PickersTests-Info.plist */ = {isa = PBXFileReference; lastKnownFileType = text.plist.xml; path = "PickersTests-Info.plist"; sourceTree = "<group>"; };
		22F10A7A18E416DE00F28B6B /* en */ = {isa = PBXFileReference; lastKnownFileType = text.plist.strings; name = en; path = en.lproj/InfoPlist.strings; sourceTree = "<group>"; };
		22F10A7C18E416DE00F28B6B /* PickersTests.m */ = {isa = PBXFileReference; lastKnownFileType = sourcecode.c.objc; path = PickersTests.m; sourceTree = "<group>"; };
/* End PBXFileReference section */

/* Begin PBXFrameworksBuildPhase section */
		22F10A5118E416DD00F28B6B /* Frameworks */ = {
			isa = PBXFrameworksBuildPhase;
			buildActionMask = 2147483647;
			files = (
				22F10A5A18E416DD00F28B6B /* CoreGraphics.framework in Frameworks */,
				22F10A5C18E416DD00F28B6B /* UIKit.framework in Frameworks */,
				22F10A5818E416DD00F28B6B /* Foundation.framework in Frameworks */,
			);
			runOnlyForDeploymentPostprocessing = 0;
		};
		22F10A6C18E416DE00F28B6B /* Frameworks */ = {
			isa = PBXFrameworksBuildPhase;
			buildActionMask = 2147483647;
			files = (
				22F10A7118E416DE00F28B6B /* XCTest.framework in Frameworks */,
				22F10A7318E416DE00F28B6B /* UIKit.framework in Frameworks */,
				22F10A7218E416DE00F28B6B /* Foundation.framework in Frameworks */,
			);
			runOnlyForDeploymentPostprocessing = 0;
		};
/* End PBXFrameworksBuildPhase section */

/* Begin PBXGroup section */
		22F10A4B18E416DD00F28B6B = {
			isa = PBXGroup;
			children = (
				22F10A5D18E416DD00F28B6B /* Pickers */,
				22F10A7618E416DE00F28B6B /* PickersTests */,
				22F10A5618E416DD00F28B6B /* Frameworks */,
				22F10A5518E416DD00F28B6B /* Products */,
			);
			sourceTree = "<group>";
		};
		22F10A5518E416DD00F28B6B /* Products */ = {
			isa = PBXGroup;
			children = (
				22F10A5418E416DD00F28B6B /* Pickers.app */,
				22F10A6F18E416DE00F28B6B /* PickersTests.xctest */,
			);
			name = Products;
			sourceTree = "<group>";
		};
		22F10A5618E416DD00F28B6B /* Frameworks */ = {
			isa = PBXGroup;
			children = (
				22F10A5718E416DD00F28B6B /* Foundation.framework */,
				22F10A5918E416DD00F28B6B /* CoreGraphics.framework */,
				22F10A5B18E416DD00F28B6B /* UIKit.framework */,
				22F10A7018E416DE00F28B6B /* XCTest.framework */,
			);
			name = Frameworks;
			sourceTree = "<group>";
		};
		22F10A5D18E416DD00F28B6B /* Pickers */ = {
			isa = PBXGroup;
			children = (
				22F10A6618E416DE00F28B6B /* STJMAppDelegate.h */,
				22F10A6718E416DE00F28B6B /* STJMAppDelegate.m */,
				22F10A6918E416DE00F28B6B /* Images.xcassets */,
				22F10A5E18E416DD00F28B6B /* Supporting Files */,
			);
			path = Pickers;
			sourceTree = "<group>";
		};
		22F10A5E18E416DD00F28B6B /* Supporting Files */ = {
			isa = PBXGroup;
			children = (
				22F10A5F18E416DD00F28B6B /* Pickers-Info.plist */,
				22F10A6018E416DD00F28B6B /* InfoPlist.strings */,
				22F10A6318E416DE00F28B6B /* main.m */,
				22F10A6518E416DE00F28B6B /* Pickers-Prefix.pch */,
			);
			name = "Supporting Files";
			sourceTree = "<group>";
		};
		22F10A7618E416DE00F28B6B /* PickersTests */ = {
			isa = PBXGroup;
			children = (
				22F10A7C18E416DE00F28B6B /* PickersTests.m */,
				22F10A7718E416DE00F28B6B /* Supporting Files */,
			);
			path = PickersTests;
			sourceTree = "<group>";
		};
		22F10A7718E416DE00F28B6B /* Supporting Files */ = {
			isa = PBXGroup;
			children = (
				22F10A7818E416DE00F28B6B /* PickersTests-Info.plist */,
				22F10A7918E416DE00F28B6B /* InfoPlist.strings */,
			);
			name = "Supporting Files";
			sourceTree = "<group>";
		};
/* End PBXGroup section */

/* Begin PBXNativeTarget section */
		22F10A5318E416DD00F28B6B /* Pickers */ = {
			isa = PBXNativeTarget;
			buildConfigurationList = 22F10A8018E416DE00F28B6B /* Build configuration list for PBXNativeTarget "Pickers" */;
			buildPhases = (
				22F10A5018E416DD00F28B6B /* Sources */,
				22F10A5118E416DD00F28B6B /* Frameworks */,
				22F10A5218E416DD00F28B6B /* Resources */,
			);
			buildRules = (
			);
			dependencies = (
			);
			name = Pickers;
			productName = Pickers;
			productReference = 22F10A5418E416DD00F28B6B /* Pickers.app */;
			productType = "com.apple.product-type.application";
		};
		22F10A6E18E416DE00F28B6B /* PickersTests */ = {
			isa = PBXNativeTarget;
			buildConfigurationList = 22F10A8318E416DE00F28B6B /* Build configuration list for PBXNativeTarget "PickersTests" */;
			buildPhases = (
				22F10A6B18E416DE00F28B6B /* Sources */,
				22F10A6C18E416DE00F28B6B /* Frameworks */,
				22F10A6D18E416DE00F28B6B /* Resources */,
			);
			buildRules = (
			);
			dependencies = (
				22F10A7518E416DE00F28B6B /* PBXTargetDependency */,
			);
			name = PickersTests;
			productName = PickersTests;
			productReference = 22F10A6F18E416DE00F28B6B /* PickersTests.xctest */;
			productType = "com.apple.product-type.bundle.unit-test";
		};
/* End PBXNativeTarget section */

/* Begin PBXProject section */
		22F10A4C18E416DD00F28B6B /* Project object */ = {
			isa = PBXProject;
			attributes = {
				CLASSPREFIX = STJM;
				LastUpgradeCheck = 0510;
				ORGANIZATIONNAME = "Hu Zhe";
				TargetAttributes = {
					22F10A6E18E416DE00F28B6B = {
						TestTargetID = 22F10A5318E416DD00F28B6B;
					};
				};
			};
			buildConfigurationList = 22F10A4F18E416DD00F28B6B /* Build configuration list for PBXProject "Pickers" */;
			compatibilityVersion = "Xcode 3.2";
			developmentRegion = English;
			hasScannedForEncodings = 0;
			knownRegions = (
				en,
			);
			mainGroup = 22F10A4B18E416DD00F28B6B;
			productRefGroup = 22F10A5518E416DD00F28B6B /* Products */;
			projectDirPath = "";
			projectRoot = "";
			targets = (
				22F10A5318E416DD00F28B6B /* Pickers */,
				22F10A6E18E416DE00F28B6B /* PickersTests */,
			);
		};
/* End PBXProject section */

/* Begin PBXResourcesBuildPhase section */
		22F10A5218E416DD00F28B6B /* Resources */ = {
			isa = PBXResourcesBuildPhase;
			buildActionMask = 2147483647;
			files = (
				22F10A6218E416DD00F28B6B /* InfoPlist.strings in Resources */,
				22F10A6A18E416DE00F28B6B /* Images.xcassets in Resources */,
			);
			runOnlyForDeploymentPostprocessing = 0;
		};
		22F10A6D18E416DE00F28B6B /* Resources */ = {
			isa = PBXResourcesBuildPhase;
			buildActionMask = 2147483647;
			files = (
				22F10A7B18E416DE00F28B6B /* InfoPlist.strings in Resources */,
			);
			runOnlyForDeploymentPostprocessing = 0;
		};
/* End PBXResourcesBuildPhase section */

/* Begin PBXSourcesBuildPhase section */
		22F10A5018E416DD00F28B6B /* Sources */ = {
			isa = PBXSourcesBuildPhase;
			buildActionMask = 2147483647;
			files = (
				22F10A6818E416DE00F28B6B /* STJMAppDelegate.m in Sources */,
				22F10A6418E416DE00F28B6B /* main.m in Sources */,
			);
			runOnlyForDeploymentPostprocessing = 0;
		};
		22F10A6B18E416DE00F28B6B /* Sources */ = {
			isa = PBXSourcesBuildPhase;
			buildActionMask = 2147483647;
			files = (
				22F10A7D18E416DE00F28B6B /* PickersTests.m in Sources */,
			);
			runOnlyForDeploymentPostprocessing = 0;
		};
/* End PBXSourcesBuildPhase section */

/* Begin PBXTargetDependency section */
		22F10A7518E416DE00F28B6B /* PBXTargetDependency */ = {
			isa = PBXTargetDependency;
			target = 22F10A5318E416DD00F28B6B /* Pickers */;
			targetProxy = 22F10A7418E416DE00F28B6B /* PBXContainerItemProxy */;
		};
/* End PBXTargetDependency section */

/* Begin PBXVariantGroup section */
		22F10A6018E416DD00F28B6B /* InfoPlist.strings */ = {
			isa = PBXVariantGroup;
			children = (
				22F10A6118E416DD00F28B6B /* en */,
			);
			name = InfoPlist.strings;
			sourceTree = "<group>";
		};
		22F10A7918E416DE00F28B6B /* InfoPlist.strings */ = {
			isa = PBXVariantGroup;
			children = (
				22F10A7A18E416DE00F28B6B /* en */,
			);
			name = InfoPlist.strings;
			sourceTree = "<group>";
		};
/* End PBXVariantGroup section */

/* Begin XCBuildConfiguration section */
		22F10A7E18E416DE00F28B6B /* Debug */ = {
			isa = XCBuildConfiguration;
			buildSettings = {
				ALWAYS_SEARCH_USER_PATHS = NO;
				CLANG_CXX_LANGUAGE_STANDARD = "gnu++0x";
				CLANG_CXX_LIBRARY = "libc++";
				CLANG_ENABLE_MODULES = YES;
				CLANG_ENABLE_OBJC_ARC = YES;
				CLANG_WARN_BOOL_CONVERSION = YES;
				CLANG_WARN_CONSTANT_CONVERSION = YES;
				CLANG_WARN_DIRECT_OBJC_ISA_USAGE = YES_ERROR;
				CLANG_WARN_EMPTY_BODY = YES;
				CLANG_WARN_ENUM_CONVERSION = YES;
				CLANG_WARN_INT_CONVERSION = YES;
				CLANG_WARN_OBJC_ROOT_CLASS = YES_ERROR;
				CLANG_WARN__DUPLICATE_METHOD_MATCH = YES;
				"CODE_SIGN_IDENTITY[sdk=iphoneos*]" = "iPhone Developer";
				COPY_PHASE_STRIP = NO;
				GCC_C_LANGUAGE_STANDARD = gnu99;
				GCC_DYNAMIC_NO_PIC = NO;
				GCC_OPTIMIZATION_LEVEL = 0;
				GCC_PREPROCESSOR_DEFINITIONS = (
					"DEBUG=1",
					"$(inherited)",
				);
				GCC_SYMBOLS_PRIVATE_EXTERN = NO;
				GCC_WARN_64_TO_32_BIT_CONVERSION = YES;
				GCC_WARN_ABOUT_RETURN_TYPE = YES_ERROR;
				GCC_WARN_UNDECLARED_SELECTOR = YES;
				GCC_WARN_UNINITIALIZED_AUTOS = YES_AGGRESSIVE;
				GCC_WARN_UNUSED_FUNCTION = YES;
				GCC_WARN_UNUSED_VARIABLE = YES;
				IPHONEOS_DEPLOYMENT_TARGET = 7.1;
				ONLY_ACTIVE_ARCH = YES;
				SDKROOT = iphoneos;
			};
			name = Debug;
		};
		22F10A7F18E416DE00F28B6B /* Release */ = {
			isa = XCBuildConfiguration;
			buildSettings = {
				ALWAYS_SEARCH_USER_PATHS = NO;
				CLANG_CXX_LANGUAGE_STANDARD = "gnu++0x";
				CLANG_CXX_LIBRARY = "libc++";
				CLANG_ENABLE_MODULES = YES;
				CLANG_ENABLE_OBJC_ARC = YES;
				CLANG_WARN_BOOL_CONVERSION = YES;
				CLANG_WARN_CONSTANT_CONVERSION = YES;
				CLANG_WARN_DIRECT_OBJC_ISA_USAGE = YES_ERROR;
				CLANG_WARN_EMPTY_BODY = YES;
				CLANG_WARN_ENUM_CONVERSION = YES;
				CLANG_WARN_INT_CONVERSION = YES;
				CLANG_WARN_OBJC_ROOT_CLASS = YES_ERROR;
				CLANG_WARN__DUPLICATE_METHOD_MATCH = YES;
				"CODE_SIGN_IDENTITY[sdk=iphoneos*]" = "iPhone Developer";
				COPY_PHASE_STRIP = YES;
				ENABLE_NS_ASSERTIONS = NO;
				GCC_C_LANGUAGE_STANDARD = gnu99;
				GCC_WARN_64_TO_32_BIT_CONVERSION = YES;
				GCC_WARN_ABOUT_RETURN_TYPE = YES_ERROR;
				GCC_WARN_UNDECLARED_SELECTOR = YES;
				GCC_WARN_UNINITIALIZED_AUTOS = YES_AGGRESSIVE;
				GCC_WARN_UNUSED_FUNCTION = YES;
				GCC_WARN_UNUSED_VARIABLE = YES;
				IPHONEOS_DEPLOYMENT_TARGET = 7.1;
				SDKROOT = iphoneos;
				VALIDATE_PRODUCT = YES;
			};
			name = Release;
		};
		22F10A8118E416DE00F28B6B /* Debug */ = {
			isa = XCBuildConfiguration;
			buildSettings = {
				ASSETCATALOG_COMPILER_APPICON_NAME = AppIcon;
				ASSETCATALOG_COMPILER_LAUNCHIMAGE_NAME = LaunchImage;
				GCC_PRECOMPILE_PREFIX_HEADER = YES;
				GCC_PREFIX_HEADER = "Pickers/Pickers-Prefix.pch";
				INFOPLIST_FILE = "Pickers/Pickers-Info.plist";
				PRODUCT_NAME = "$(TARGET_NAME)";
				WRAPPER_EXTENSION = app;
			};
			name = Debug;
		};
		22F10A8218E416DE00F28B6B /* Release */ = {
			isa = XCBuildConfiguration;
			buildSettings = {
				ASSETCATALOG_COMPILER_APPICON_NAME = AppIcon;
				ASSETCATALOG_COMPILER_LAUNCHIMAGE_NAME = LaunchImage;
				GCC_PRECOMPILE_PREFIX_HEADER = YES;
				GCC_PREFIX_HEADER = "Pickers/Pickers-Prefix.pch";
				INFOPLIST_FILE = "Pickers/Pickers-Info.plist";
				PRODUCT_NAME = "$(TARGET_NAME)";
				WRAPPER_EXTENSION = app;
			};
			name = Release;
		};
		22F10A8418E416DE00F28B6B /* Debug */ = {
			isa = XCBuildConfiguration;
			buildSettings = {
				BUNDLE_LOADER = "$(BUILT_PRODUCTS_DIR)/Pickers.app/Pickers";
				FRAMEWORK_SEARCH_PATHS = (
					"$(SDKROOT)/Developer/Library/Frameworks",
					"$(inherited)",
					"$(DEVELOPER_FRAMEWORKS_DIR)",
				);
				GCC_PRECOMPILE_PREFIX_HEADER = YES;
				GCC_PREFIX_HEADER = "Pickers/Pickers-Prefix.pch";
				GCC_PREPROCESSOR_DEFINITIONS = (
					"DEBUG=1",
					"$(inherited)",
				);
				INFOPLIST_FILE = "PickersTests/PickersTests-Info.plist";
				PRODUCT_NAME = "$(TARGET_NAME)";
				TEST_HOST = "$(BUNDLE_LOADER)";
				WRAPPER_EXTENSION = xctest;
			};
			name = Debug;
		};
		22F10A8518E416DE00F28B6B /* Release */ = {
			isa = XCBuildConfiguration;
			buildSettings = {
				BUNDLE_LOADER = "$(BUILT_PRODUCTS_DIR)/Pickers.app/Pickers";
				FRAMEWORK_SEARCH_PATHS = (
					"$(SDKROOT)/Developer/Library/Frameworks",
					"$(inherited)",
					"$(DEVELOPER_FRAMEWORKS_DIR)",
				);
				GCC_PRECOMPILE_PREFIX_HEADER = YES;
				GCC_PREFIX_HEADER = "Pickers/Pickers-Prefix.pch";
				INFOPLIST_FILE = "PickersTests/PickersTests-Info.plist";
				PRODUCT_NAME = "$(TARGET_NAME)";
				TEST_HOST = "$(BUNDLE_LOADER)";
				WRAPPER_EXTENSION = xctest;
			};
			name = Release;
		};
/* End XCBuildConfiguration section */

/* Begin XCConfigurationList section */
		22F10A4F18E416DD00F28B6B /* Build configuration list for PBXProject "Pickers" */ = {
			isa = XCConfigurationList;
			buildConfigurations = (
				22F10A7E18E416DE00F28B6B /* Debug */,
				22F10A7F18E416DE00F28B6B /* Release */,
			);
			defaultConfigurationIsVisible = 0;
			defaultConfigurationName = Release;
		};
		22F10A8018E416DE00F28B6B /* Build configuration list for PBXNativeTarget "Pickers" */ = {
			isa = XCConfigurationList;
			buildConfigurations = (
				22F10A8118E416DE00F28B6B /* Debug */,
				22F10A8218E416DE00F28B6B /* Release */,
			);
			defaultConfigurationIsVisible = 0;
		};
		22F10A8318E416DE00F28B6B /* Build configuration list for PBXNativeTarget "PickersTests" */ = {
			isa = XCConfigurationList;
			buildConfigurations = (
				22F10A8418E416DE00F28B6B /* Debug */,
				22F10A8518E416DE00F28B6B /* Release */,
			);
			defaultConfigurationIsVisible = 0;
		};
/* End XCConfigurationList section */
	};
	rootObject = 22F10A4C18E416DD00F28B6B /* Project object */;
}
