// !$*UTF8*$!
{
	archiveVersion = 1;
	classes = {
	};
	objectVersion = 46;
	objects = {

/* Begin PBXBuildFile section */
		22D393FD18EC07620028DF20 /* Foundation.framework in Frameworks */ = {isa = PBXBuildFile; fileRef = 22D393FC18EC07620028DF20 /* Foundation.framework */; };
		22D393FF18EC07620028DF20 /* CoreGraphics.framework in Frameworks */ = {isa = PBXBuildFile; fileRef = 22D393FE18EC07620028DF20 /* CoreGraphics.framework */; };
		22D3940118EC07620028DF20 /* UIKit.framework in Frameworks */ = {isa = PBXBuildFile; fileRef = 22D3940018EC07620028DF20 /* UIKit.framework */; };
		22D3940718EC07620028DF20 /* InfoPlist.strings in Resources */ = {isa = PBXBuildFile; fileRef = 22D3940518EC07620028DF20 /* InfoPlist.strings */; };
		22D3940918EC07620028DF20 /* main.m in Sources */ = {isa = PBXBuildFile; fileRef = 22D3940818EC07620028DF20 /* main.m */; };
		22D3940D18EC07620028DF20 /* STJMAppDelegate.m in Sources */ = {isa = PBXBuildFile; fileRef = 22D3940C18EC07620028DF20 /* STJMAppDelegate.m */; };
		22D3941018EC07620028DF20 /* Main.storyboard in Resources */ = {isa = PBXBuildFile; fileRef = 22D3940E18EC07620028DF20 /* Main.storyboard */; };
		22D3941318EC07620028DF20 /* STJMViewController.m in Sources */ = {isa = PBXBuildFile; fileRef = 22D3941218EC07620028DF20 /* STJMViewController.m */; };
		22D3941518EC07620028DF20 /* Images.xcassets in Resources */ = {isa = PBXBuildFile; fileRef = 22D3941418EC07620028DF20 /* Images.xcassets */; };
		22D3941C18EC07620028DF20 /* XCTest.framework in Frameworks */ = {isa = PBXBuildFile; fileRef = 22D3941B18EC07620028DF20 /* XCTest.framework */; };
		22D3941D18EC07620028DF20 /* Foundation.framework in Frameworks */ = {isa = PBXBuildFile; fileRef = 22D393FC18EC07620028DF20 /* Foundation.framework */; };
		22D3941E18EC07620028DF20 /* UIKit.framework in Frameworks */ = {isa = PBXBuildFile; fileRef = 22D3940018EC07620028DF20 /* UIKit.framework */; };
		22D3942618EC07620028DF20 /* InfoPlist.strings in Resources */ = {isa = PBXBuildFile; fileRef = 22D3942418EC07620028DF20 /* InfoPlist.strings */; };
		22D3942818EC07620028DF20 /* CellsTests.m in Sources */ = {isa = PBXBuildFile; fileRef = 22D3942718EC07620028DF20 /* CellsTests.m */; };
		22D3943318EC09B80028DF20 /* STJMNameAndColorCell.m in Sources */ = {isa = PBXBuildFile; fileRef = 22D3943218EC09B80028DF20 /* STJMNameAndColorCell.m */; };
		22D3943518EC28B60028DF20 /* STJMNameAndColorCell.xib in Resources */ = {isa = PBXBuildFile; fileRef = 22D3943418EC28B60028DF20 /* STJMNameAndColorCell.xib */; };
/* End PBXBuildFile section */

/* Begin PBXContainerItemProxy section */
		22D3941F18EC07620028DF20 /* PBXContainerItemProxy */ = {
			isa = PBXContainerItemProxy;
			containerPortal = 22D393F118EC07620028DF20 /* Project object */;
			proxyType = 1;
			remoteGlobalIDString = 22D393F818EC07620028DF20;
			remoteInfo = Cells;
		};
/* End PBXContainerItemProxy section */

/* Begin PBXFileReference section */
		22D393F918EC07620028DF20 /* Cells.app */ = {isa = PBXFileReference; explicitFileType = wrapper.application; includeInIndex = 0; path = Cells.app; sourceTree = BUILT_PRODUCTS_DIR; };
		22D393FC18EC07620028DF20 /* Foundation.framework */ = {isa = PBXFileReference; lastKnownFileType = wrapper.framework; name = Foundation.framework; path = System/Library/Frameworks/Foundation.framework; sourceTree = SDKROOT; };
		22D393FE18EC07620028DF20 /* CoreGraphics.framework */ = {isa = PBXFileReference; lastKnownFileType = wrapper.framework; name = CoreGraphics.framework; path = System/Library/Frameworks/CoreGraphics.framework; sourceTree = SDKROOT; };
		22D3940018EC07620028DF20 /* UIKit.framework */ = {isa = PBXFileReference; lastKnownFileType = wrapper.framework; name = UIKit.framework; path = System/Library/Frameworks/UIKit.framework; sourceTree = SDKROOT; };
		22D3940418EC07620028DF20 /* Cells-Info.plist */ = {isa = PBXFileReference; lastKnownFileType = text.plist.xml; path = "Cells-Info.plist"; sourceTree = "<group>"; };
		22D3940618EC07620028DF20 /* en */ = {isa = PBXFileReference; lastKnownFileType = text.plist.strings; name = en; path = en.lproj/InfoPlist.strings; sourceTree = "<group>"; };
		22D3940818EC07620028DF20 /* main.m */ = {isa = PBXFileReference; lastKnownFileType = sourcecode.c.objc; path = main.m; sourceTree = "<group>"; };
		22D3940A18EC07620028DF20 /* Cells-Prefix.pch */ = {isa = PBXFileReference; lastKnownFileType = sourcecode.c.h; path = "Cells-Prefix.pch"; sourceTree = "<group>"; };
		22D3940B18EC07620028DF20 /* STJMAppDelegate.h */ = {isa = PBXFileReference; lastKnownFileType = sourcecode.c.h; path = STJMAppDelegate.h; sourceTree = "<group>"; };
		22D3940C18EC07620028DF20 /* STJMAppDelegate.m */ = {isa = PBXFileReference; lastKnownFileType = sourcecode.c.objc; path = STJMAppDelegate.m; sourceTree = "<group>"; };
		22D3940F18EC07620028DF20 /* Base */ = {isa = PBXFileReference; lastKnownFileType = file.storyboard; name = Base; path = Base.lproj/Main.storyboard; sourceTree = "<group>"; };
		22D3941118EC07620028DF20 /* STJMViewController.h */ = {isa = PBXFileReference; lastKnownFileType = sourcecode.c.h; path = STJMViewController.h; sourceTree = "<group>"; };
		22D3941218EC07620028DF20 /* STJMViewController.m */ = {isa = PBXFileReference; lastKnownFileType = sourcecode.c.objc; path = STJMViewController.m; sourceTree = "<group>"; };
		22D3941418EC07620028DF20 /* Images.xcassets */ = {isa = PBXFileReference; lastKnownFileType = folder.assetcatalog; path = Images.xcassets; sourceTree = "<group>"; };
		22D3941A18EC07620028DF20 /* CellsTests.xctest */ = {isa = PBXFileReference; explicitFileType = wrapper.cfbundle; includeInIndex = 0; path = CellsTests.xctest; sourceTree = BUILT_PRODUCTS_DIR; };
		22D3941B18EC07620028DF20 /* XCTest.framework */ = {isa = PBXFileReference; lastKnownFileType = wrapper.framework; name = XCTest.framework; path = Library/Frameworks/XCTest.framework; sourceTree = DEVELOPER_DIR; };
		22D3942318EC07620028DF20 /* CellsTests-Info.plist */ = {isa = PBXFileReference; lastKnownFileType = text.plist.xml; path = "CellsTests-Info.plist"; sourceTree = "<group>"; };
		22D3942518EC07620028DF20 /* en */ = {isa = PBXFileReference; lastKnownFileType = text.plist.strings; name = en; path = en.lproj/InfoPlist.strings; sourceTree = "<group>"; };
		22D3942718EC07620028DF20 /* CellsTests.m */ = {isa = PBXFileReference; lastKnownFileType = sourcecode.c.objc; path = CellsTests.m; sourceTree = "<group>"; };
		22D3943118EC09B80028DF20 /* STJMNameAndColorCell.h */ = {isa = PBXFileReference; fileEncoding = 4; lastKnownFileType = sourcecode.c.h; path = STJMNameAndColorCell.h; sourceTree = "<group>"; };
		22D3943218EC09B80028DF20 /* STJMNameAndColorCell.m */ = {isa = PBXFileReference; fileEncoding = 4; lastKnownFileType = sourcecode.c.objc; path = STJMNameAndColorCell.m; sourceTree = "<group>"; };
		22D3943418EC28B60028DF20 /* STJMNameAndColorCell.xib */ = {isa = PBXFileReference; fileEncoding = 4; lastKnownFileType = file.xib; path = STJMNameAndColorCell.xib; sourceTree = "<group>"; };
/* End PBXFileReference section */

/* Begin PBXFrameworksBuildPhase section */
		22D393F618EC07620028DF20 /* Frameworks */ = {
			isa = PBXFrameworksBuildPhase;
			buildActionMask = 2147483647;
			files = (
				22D393FF18EC07620028DF20 /* CoreGraphics.framework in Frameworks */,
				22D3940118EC07620028DF20 /* UIKit.framework in Frameworks */,
				22D393FD18EC07620028DF20 /* Foundation.framework in Frameworks */,
			);
			runOnlyForDeploymentPostprocessing = 0;
		};
		22D3941718EC07620028DF20 /* Frameworks */ = {
			isa = PBXFrameworksBuildPhase;
			buildActionMask = 2147483647;
			files = (
				22D3941C18EC07620028DF20 /* XCTest.framework in Frameworks */,
				22D3941E18EC07620028DF20 /* UIKit.framework in Frameworks */,
				22D3941D18EC07620028DF20 /* Foundation.framework in Frameworks */,
			);
			runOnlyForDeploymentPostprocessing = 0;
		};
/* End PBXFrameworksBuildPhase section */

/* Begin PBXGroup section */
		22D393F018EC07620028DF20 = {
			isa = PBXGroup;
			children = (
				22D3940218EC07620028DF20 /* Cells */,
				22D3942118EC07620028DF20 /* CellsTests */,
				22D393FB18EC07620028DF20 /* Frameworks */,
				22D393FA18EC07620028DF20 /* Products */,
			);
			sourceTree = "<group>";
		};
		22D393FA18EC07620028DF20 /* Products */ = {
			isa = PBXGroup;
			children = (
				22D393F918EC07620028DF20 /* Cells.app */,
				22D3941A18EC07620028DF20 /* CellsTests.xctest */,
			);
			name = Products;
			sourceTree = "<group>";
		};
		22D393FB18EC07620028DF20 /* Frameworks */ = {
			isa = PBXGroup;
			children = (
				22D393FC18EC07620028DF20 /* Foundation.framework */,
				22D393FE18EC07620028DF20 /* CoreGraphics.framework */,
				22D3940018EC07620028DF20 /* UIKit.framework */,
				22D3941B18EC07620028DF20 /* XCTest.framework */,
			);
			name = Frameworks;
			sourceTree = "<group>";
		};
		22D3940218EC07620028DF20 /* Cells */ = {
			isa = PBXGroup;
			children = (
				22D3940B18EC07620028DF20 /* STJMAppDelegate.h */,
				22D3940C18EC07620028DF20 /* STJMAppDelegate.m */,
				22D3940E18EC07620028DF20 /* Main.storyboard */,
				22D3941118EC07620028DF20 /* STJMViewController.h */,
				22D3941218EC07620028DF20 /* STJMViewController.m */,
				22D3941418EC07620028DF20 /* Images.xcassets */,
				22D3940318EC07620028DF20 /* Supporting Files */,
				22D3943118EC09B80028DF20 /* STJMNameAndColorCell.h */,
				22D3943218EC09B80028DF20 /* STJMNameAndColorCell.m */,
				22D3943418EC28B60028DF20 /* STJMNameAndColorCell.xib */,
			);
			path = Cells;
			sourceTree = "<group>";
		};
		22D3940318EC07620028DF20 /* Supporting Files */ = {
			isa = PBXGroup;
			children = (
				22D3940418EC07620028DF20 /* Cells-Info.plist */,
				22D3940518EC07620028DF20 /* InfoPlist.strings */,
				22D3940818EC07620028DF20 /* main.m */,
				22D3940A18EC07620028DF20 /* Cells-Prefix.pch */,
			);
			name = "Supporting Files";
			sourceTree = "<group>";
		};
		22D3942118EC07620028DF20 /* CellsTests */ = {
			isa = PBXGroup;
			children = (
				22D3942718EC07620028DF20 /* CellsTests.m */,
				22D3942218EC07620028DF20 /* Supporting Files */,
			);
			path = CellsTests;
			sourceTree = "<group>";
		};
		22D3942218EC07620028DF20 /* Supporting Files */ = {
			isa = PBXGroup;
			children = (
				22D3942318EC07620028DF20 /* CellsTests-Info.plist */,
				22D3942418EC07620028DF20 /* InfoPlist.strings */,
			);
			name = "Supporting Files";
			sourceTree = "<group>";
		};
/* End PBXGroup section */

/* Begin PBXNativeTarget section */
		22D393F818EC07620028DF20 /* Cells */ = {
			isa = PBXNativeTarget;
			buildConfigurationList = 22D3942B18EC07620028DF20 /* Build configuration list for PBXNativeTarget "Cells" */;
			buildPhases = (
				22D393F518EC07620028DF20 /* Sources */,
				22D393F618EC07620028DF20 /* Frameworks */,
				22D393F718EC07620028DF20 /* Resources */,
			);
			buildRules = (
			);
			dependencies = (
			);
			name = Cells;
			productName = Cells;
			productReference = 22D393F918EC07620028DF20 /* Cells.app */;
			productType = "com.apple.product-type.application";
		};
		22D3941918EC07620028DF20 /* CellsTests */ = {
			isa = PBXNativeTarget;
			buildConfigurationList = 22D3942E18EC07620028DF20 /* Build configuration list for PBXNativeTarget "CellsTests" */;
			buildPhases = (
				22D3941618EC07620028DF20 /* Sources */,
				22D3941718EC07620028DF20 /* Frameworks */,
				22D3941818EC07620028DF20 /* Resources */,
			);
			buildRules = (
			);
			dependencies = (
				22D3942018EC07620028DF20 /* PBXTargetDependency */,
			);
			name = CellsTests;
			productName = CellsTests;
			productReference = 22D3941A18EC07620028DF20 /* CellsTests.xctest */;
			productType = "com.apple.product-type.bundle.unit-test";
		};
/* End PBXNativeTarget section */

/* Begin PBXProject section */
		22D393F118EC07620028DF20 /* Project object */ = {
			isa = PBXProject;
			attributes = {
				CLASSPREFIX = STJM;
				LastUpgradeCheck = 0510;
				ORGANIZATIONNAME = "Hu Zhe";
				TargetAttributes = {
					22D3941918EC07620028DF20 = {
						TestTargetID = 22D393F818EC07620028DF20;
					};
				};
			};
			buildConfigurationList = 22D393F418EC07620028DF20 /* Build configuration list for PBXProject "Cells" */;
			compatibilityVersion = "Xcode 3.2";
			developmentRegion = English;
			hasScannedForEncodings = 0;
			knownRegions = (
				en,
				Base,
			);
			mainGroup = 22D393F018EC07620028DF20;
			productRefGroup = 22D393FA18EC07620028DF20 /* Products */;
			projectDirPath = "";
			projectRoot = "";
			targets = (
				22D393F818EC07620028DF20 /* Cells */,
				22D3941918EC07620028DF20 /* CellsTests */,
			);
		};
/* End PBXProject section */

/* Begin PBXResourcesBuildPhase section */
		22D393F718EC07620028DF20 /* Resources */ = {
			isa = PBXResourcesBuildPhase;
			buildActionMask = 2147483647;
			files = (
				22D3941518EC07620028DF20 /* Images.xcassets in Resources */,
				22D3940718EC07620028DF20 /* InfoPlist.strings in Resources */,
				22D3943518EC28B60028DF20 /* STJMNameAndColorCell.xib in Resources */,
				22D3941018EC07620028DF20 /* Main.storyboard in Resources */,
			);
			runOnlyForDeploymentPostprocessing = 0;
		};
		22D3941818EC07620028DF20 /* Resources */ = {
			isa = PBXResourcesBuildPhase;
			buildActionMask = 2147483647;
			files = (
				22D3942618EC07620028DF20 /* InfoPlist.strings in Resources */,
			);
			runOnlyForDeploymentPostprocessing = 0;
		};
/* End PBXResourcesBuildPhase section */

/* Begin PBXSourcesBuildPhase section */
		22D393F518EC07620028DF20 /* Sources */ = {
			isa = PBXSourcesBuildPhase;
			buildActionMask = 2147483647;
			files = (
				22D3941318EC07620028DF20 /* STJMViewController.m in Sources */,
				22D3940D18EC07620028DF20 /* STJMAppDelegate.m in Sources */,
				22D3943318EC09B80028DF20 /* STJMNameAndColorCell.m in Sources */,
				22D3940918EC07620028DF20 /* main.m in Sources */,
			);
			runOnlyForDeploymentPostprocessing = 0;
		};
		22D3941618EC07620028DF20 /* Sources */ = {
			isa = PBXSourcesBuildPhase;
			buildActionMask = 2147483647;
			files = (
				22D3942818EC07620028DF20 /* CellsTests.m in Sources */,
			);
			runOnlyForDeploymentPostprocessing = 0;
		};
/* End PBXSourcesBuildPhase section */

/* Begin PBXTargetDependency section */
		22D3942018EC07620028DF20 /* PBXTargetDependency */ = {
			isa = PBXTargetDependency;
			target = 22D393F818EC07620028DF20 /* Cells */;
			targetProxy = 22D3941F18EC07620028DF20 /* PBXContainerItemProxy */;
		};
/* End PBXTargetDependency section */

/* Begin PBXVariantGroup section */
		22D3940518EC07620028DF20 /* InfoPlist.strings */ = {
			isa = PBXVariantGroup;
			children = (
				22D3940618EC07620028DF20 /* en */,
			);
			name = InfoPlist.strings;
			sourceTree = "<group>";
		};
		22D3940E18EC07620028DF20 /* Main.storyboard */ = {
			isa = PBXVariantGroup;
			children = (
				22D3940F18EC07620028DF20 /* Base */,
			);
			name = Main.storyboard;
			sourceTree = "<group>";
		};
		22D3942418EC07620028DF20 /* InfoPlist.strings */ = {
			isa = PBXVariantGroup;
			children = (
				22D3942518EC07620028DF20 /* en */,
			);
			name = InfoPlist.strings;
			sourceTree = "<group>";
		};
/* End PBXVariantGroup section */

/* Begin XCBuildConfiguration section */
		22D3942918EC07620028DF20 /* Debug */ = {
			isa = XCBuildConfiguration;
			buildSettings = {
				ALWAYS_SEARCH_USER_PATHS = NO;
				CLANG_CXX_LANGUAGE_STANDARD = "gnu++0x";
				CLANG_CXX_LIBRARY = "libc++";
				CLANG_ENABLE_MODULES = YES;
				CLANG_ENABLE_OBJC_ARC = YES;
				CLANG_WARN_BOOL_CONVERSION = YES;
				CLANG_WARN_CONSTANT_CONVERSION = YES;
				CLANG_WARN_DIRECT_OBJC_ISA_USAGE = YES_ERROR;
				CLANG_WARN_EMPTY_BODY = YES;
				CLANG_WARN_ENUM_CONVERSION = YES;
				CLANG_WARN_INT_CONVERSION = YES;
				CLANG_WARN_OBJC_ROOT_CLASS = YES_ERROR;
				CLANG_WARN__DUPLICATE_METHOD_MATCH = YES;
				"CODE_SIGN_IDENTITY[sdk=iphoneos*]" = "iPhone Developer";
				COPY_PHASE_STRIP = NO;
				GCC_C_LANGUAGE_STANDARD = gnu99;
				GCC_DYNAMIC_NO_PIC = NO;
				GCC_OPTIMIZATION_LEVEL = 0;
				GCC_PREPROCESSOR_DEFINITIONS = (
					"DEBUG=1",
					"$(inherited)",
				);
				GCC_SYMBOLS_PRIVATE_EXTERN = NO;
				GCC_WARN_64_TO_32_BIT_CONVERSION = YES;
				GCC_WARN_ABOUT_RETURN_TYPE = YES_ERROR;
				GCC_WARN_UNDECLARED_SELECTOR = YES;
				GCC_WARN_UNINITIALIZED_AUTOS = YES_AGGRESSIVE;
				GCC_WARN_UNUSED_FUNCTION = YES;
				GCC_WARN_UNUSED_VARIABLE = YES;
				IPHONEOS_DEPLOYMENT_TARGET = 7.1;
				ONLY_ACTIVE_ARCH = YES;
				SDKROOT = iphoneos;
			};
			name = Debug;
		};
		22D3942A18EC07620028DF20 /* Release */ = {
			isa = XCBuildConfiguration;
			buildSettings = {
				ALWAYS_SEARCH_USER_PATHS = NO;
				CLANG_CXX_LANGUAGE_STANDARD = "gnu++0x";
				CLANG_CXX_LIBRARY = "libc++";
				CLANG_ENABLE_MODULES = YES;
				CLANG_ENABLE_OBJC_ARC = YES;
				CLANG_WARN_BOOL_CONVERSION = YES;
				CLANG_WARN_CONSTANT_CONVERSION = YES;
				CLANG_WARN_DIRECT_OBJC_ISA_USAGE = YES_ERROR;
				CLANG_WARN_EMPTY_BODY = YES;
				CLANG_WARN_ENUM_CONVERSION = YES;
				CLANG_WARN_INT_CONVERSION = YES;
				CLANG_WARN_OBJC_ROOT_CLASS = YES_ERROR;
				CLANG_WARN__DUPLICATE_METHOD_MATCH = YES;
				"CODE_SIGN_IDENTITY[sdk=iphoneos*]" = "iPhone Developer";
				COPY_PHASE_STRIP = YES;
				ENABLE_NS_ASSERTIONS = NO;
				GCC_C_LANGUAGE_STANDARD = gnu99;
				GCC_WARN_64_TO_32_BIT_CONVERSION = YES;
				GCC_WARN_ABOUT_RETURN_TYPE = YES_ERROR;
				GCC_WARN_UNDECLARED_SELECTOR = YES;
				GCC_WARN_UNINITIALIZED_AUTOS = YES_AGGRESSIVE;
				GCC_WARN_UNUSED_FUNCTION = YES;
				GCC_WARN_UNUSED_VARIABLE = YES;
				IPHONEOS_DEPLOYMENT_TARGET = 7.1;
				SDKROOT = iphoneos;
				VALIDATE_PRODUCT = YES;
			};
			name = Release;
		};
		22D3942C18EC07620028DF20 /* Debug */ = {
			isa = XCBuildConfiguration;
			buildSettings = {
				ASSETCATALOG_COMPILER_APPICON_NAME = AppIcon;
				ASSETCATALOG_COMPILER_LAUNCHIMAGE_NAME = LaunchImage;
				GCC_PRECOMPILE_PREFIX_HEADER = YES;
				GCC_PREFIX_HEADER = "Cells/Cells-Prefix.pch";
				INFOPLIST_FILE = "Cells/Cells-Info.plist";
				PRODUCT_NAME = "$(TARGET_NAME)";
				WRAPPER_EXTENSION = app;
			};
			name = Debug;
		};
		22D3942D18EC07620028DF20 /* Release */ = {
			isa = XCBuildConfiguration;
			buildSettings = {
				ASSETCATALOG_COMPILER_APPICON_NAME = AppIcon;
				ASSETCATALOG_COMPILER_LAUNCHIMAGE_NAME = LaunchImage;
				GCC_PRECOMPILE_PREFIX_HEADER = YES;
				GCC_PREFIX_HEADER = "Cells/Cells-Prefix.pch";
				INFOPLIST_FILE = "Cells/Cells-Info.plist";
				PRODUCT_NAME = "$(TARGET_NAME)";
				WRAPPER_EXTENSION = app;
			};
			name = Release;
		};
		22D3942F18EC07620028DF20 /* Debug */ = {
			isa = XCBuildConfiguration;
			buildSettings = {
				BUNDLE_LOADER = "$(BUILT_PRODUCTS_DIR)/Cells.app/Cells";
				FRAMEWORK_SEARCH_PATHS = (
					"$(SDKROOT)/Developer/Library/Frameworks",
					"$(inherited)",
					"$(DEVELOPER_FRAMEWORKS_DIR)",
				);
				GCC_PRECOMPILE_PREFIX_HEADER = YES;
				GCC_PREFIX_HEADER = "Cells/Cells-Prefix.pch";
				GCC_PREPROCESSOR_DEFINITIONS = (
					"DEBUG=1",
					"$(inherited)",
				);
				INFOPLIST_FILE = "CellsTests/CellsTests-Info.plist";
				PRODUCT_NAME = "$(TARGET_NAME)";
				TEST_HOST = "$(BUNDLE_LOADER)";
				WRAPPER_EXTENSION = xctest;
			};
			name = Debug;
		};
		22D3943018EC07620028DF20 /* Release */ = {
			isa = XCBuildConfiguration;
			buildSettings = {
				BUNDLE_LOADER = "$(BUILT_PRODUCTS_DIR)/Cells.app/Cells";
				FRAMEWORK_SEARCH_PATHS = (
					"$(SDKROOT)/Developer/Library/Frameworks",
					"$(inherited)",
					"$(DEVELOPER_FRAMEWORKS_DIR)",
				);
				GCC_PRECOMPILE_PREFIX_HEADER = YES;
				GCC_PREFIX_HEADER = "Cells/Cells-Prefix.pch";
				INFOPLIST_FILE = "CellsTests/CellsTests-Info.plist";
				PRODUCT_NAME = "$(TARGET_NAME)";
				TEST_HOST = "$(BUNDLE_LOADER)";
				WRAPPER_EXTENSION = xctest;
			};
			name = Release;
		};
/* End XCBuildConfiguration section */

/* Begin XCConfigurationList section */
		22D393F418EC07620028DF20 /* Build configuration list for PBXProject "Cells" */ = {
			isa = XCConfigurationList;
			buildConfigurations = (
				22D3942918EC07620028DF20 /* Debug */,
				22D3942A18EC07620028DF20 /* Release */,
			);
			defaultConfigurationIsVisible = 0;
			defaultConfigurationName = Release;
		};
		22D3942B18EC07620028DF20 /* Build configuration list for PBXNativeTarget "Cells" */ = {
			isa = XCConfigurationList;
			buildConfigurations = (
				22D3942C18EC07620028DF20 /* Debug */,
				22D3942D18EC07620028DF20 /* Release */,
			);
			defaultConfigurationIsVisible = 0;
		};
		22D3942E18EC07620028DF20 /* Build configuration list for PBXNativeTarget "CellsTests" */ = {
			isa = XCConfigurationList;
			buildConfigurations = (
				22D3942F18EC07620028DF20 /* Debug */,
				22D3943018EC07620028DF20 /* Release */,
			);
			defaultConfigurationIsVisible = 0;
		};
/* End XCConfigurationList section */
	};
	rootObject = 22D393F118EC07620028DF20 /* Project object */;
}
